// !$*UTF8*$!
{
	archiveVersion = 1;
	classes = {
	};
	objectVersion = 46;
	objects = {

/* Begin PBXBuildFile section */
		910945EF164C362600CBD8E2 /* BLScrollView.m in Sources */ = {isa = PBXBuildFile; fileRef = 910945EE164C362600CBD8E2 /* BLScrollView.m */; };
		910945F3164D807000CBD8E2 /* BLPaddedTextField.m in Sources */ = {isa = PBXBuildFile; fileRef = 910945F2164D807000CBD8E2 /* BLPaddedTextField.m */; };
		910945F6164D925500CBD8E2 /* BLFeedback.m in Sources */ = {isa = PBXBuildFile; fileRef = 910945F5164D925500CBD8E2 /* BLFeedback.m */; };
		910945FE1657100F00CBD8E2 /* iTunesArtwork.png in Resources */ = {isa = PBXBuildFile; fileRef = 910945FC1657100F00CBD8E2 /* iTunesArtwork.png */; };
		910945FF1657100F00CBD8E2 /* iTunesArtwork@2x.png in Resources */ = {isa = PBXBuildFile; fileRef = 910945FD1657100F00CBD8E2 /* iTunesArtwork@2x.png */; };
		9118411D16A0B086005CC388 /* deleteXGrey.png in Resources */ = {isa = PBXBuildFile; fileRef = 9118411916A0B086005CC388 /* deleteXGrey.png */; };
		9118411E16A0B086005CC388 /* deleteXGrey@2x.png in Resources */ = {isa = PBXBuildFile; fileRef = 9118411A16A0B086005CC388 /* deleteXGrey@2x.png */; };
		9118411F16A0B086005CC388 /* deleteXRed.png in Resources */ = {isa = PBXBuildFile; fileRef = 9118411B16A0B086005CC388 /* deleteXRed.png */; };
		9118412016A0B086005CC388 /* deleteXRed@2x.png in Resources */ = {isa = PBXBuildFile; fileRef = 9118411C16A0B086005CC388 /* deleteXRed@2x.png */; };
		9119425017297B03001268BA /* BLPercentPicker.m in Sources */ = {isa = PBXBuildFile; fileRef = 9119424F17297B03001268BA /* BLPercentPicker.m */; };
		913F91D21649AED40057A3A5 /* cameraPreviewFrame.png in Resources */ = {isa = PBXBuildFile; fileRef = 913F91D01649AED40057A3A5 /* cameraPreviewFrame.png */; };
		913F91D31649AED40057A3A5 /* cameraPreviewFrame@2x.png in Resources */ = {isa = PBXBuildFile; fileRef = 913F91D11649AED40057A3A5 /* cameraPreviewFrame@2x.png */; };
		913F91D71649B4AB0057A3A5 /* navButtonSkip.png in Resources */ = {isa = PBXBuildFile; fileRef = 913F91D51649B4AB0057A3A5 /* navButtonSkip.png */; };
		913F91D81649B4AB0057A3A5 /* navButtonSkip@2x.png in Resources */ = {isa = PBXBuildFile; fileRef = 913F91D61649B4AB0057A3A5 /* navButtonSkip@2x.png */; };
		913F91DD1649BF6D0057A3A5 /* tearBottom.png in Resources */ = {isa = PBXBuildFile; fileRef = 913F91D91649BF6C0057A3A5 /* tearBottom.png */; };
		913F91DE1649BF6D0057A3A5 /* tearBottom@2x.png in Resources */ = {isa = PBXBuildFile; fileRef = 913F91DA1649BF6C0057A3A5 /* tearBottom@2x.png */; };
		913F91DF1649BF6D0057A3A5 /* tearTop.png in Resources */ = {isa = PBXBuildFile; fileRef = 913F91DB1649BF6D0057A3A5 /* tearTop.png */; };
		913F91E01649BF6D0057A3A5 /* tearTop@2x.png in Resources */ = {isa = PBXBuildFile; fileRef = 913F91DC1649BF6D0057A3A5 /* tearTop@2x.png */; };
		9148ADDA1577DDBF00985CA0 /* AVFoundation.framework in Frameworks */ = {isa = PBXBuildFile; fileRef = 9148ADD91577DDBF00985CA0 /* AVFoundation.framework */; };
		9148ADE11577E6F600985CA0 /* BLCropViewController.xib in Resources */ = {isa = PBXBuildFile; fileRef = 9148ADE01577E6F600985CA0 /* BLCropViewController.xib */; };
		9148ADE41577FD6B00985CA0 /* cropDot.png in Resources */ = {isa = PBXBuildFile; fileRef = 9148ADE21577FD6B00985CA0 /* cropDot.png */; };
		9148ADE51577FD6B00985CA0 /* cropDot@2x.png in Resources */ = {isa = PBXBuildFile; fileRef = 9148ADE31577FD6B00985CA0 /* cropDot@2x.png */; };
		9148ADE7157800D600985CA0 /* QuartzCore.framework in Frameworks */ = {isa = PBXBuildFile; fileRef = 9148ADE6157800D600985CA0 /* QuartzCore.framework */; };
		9148ADF1157913FA00985CA0 /* tessdata in Resources */ = {isa = PBXBuildFile; fileRef = 9148ADF0157913FA00985CA0 /* tessdata */; };
		9148ADF41579145300985CA0 /* libtesseract_full.a in Frameworks */ = {isa = PBXBuildFile; fileRef = 9148ADF31579145300985CA0 /* libtesseract_full.a */; };
		9148ADF915791D1400985CA0 /* OpenGLES.framework in Frameworks */ = {isa = PBXBuildFile; fileRef = 9148ADF815791D1400985CA0 /* OpenGLES.framework */; };
		9148ADFD157925ED00985CA0 /* ImageIO.framework in Frameworks */ = {isa = PBXBuildFile; fileRef = 9148ADFC157925ED00985CA0 /* ImageIO.framework */; };
		9148ADFF157926DF00985CA0 /* CoreMedia.framework in Frameworks */ = {isa = PBXBuildFile; fileRef = 9148ADFE157926DF00985CA0 /* CoreMedia.framework */; };
		9148AE0615792E9700985CA0 /* BLFixItemsViewController.xib in Resources */ = {isa = PBXBuildFile; fileRef = 9148AE0515792E9700985CA0 /* BLFixItemsViewController.xib */; };
		9148AE0A1579473700985CA0 /* BLTextField.m in Sources */ = {isa = PBXBuildFile; fileRef = 9148AE091579473700985CA0 /* BLTextField.m */; };
		9155238115B07A8C00F2F539 /* billy.xcdatamodeld in Sources */ = {isa = PBXBuildFile; fileRef = 9155237F15B07A8C00F2F539 /* billy.xcdatamodeld */; };
		9155238415B07D4700F2F539 /* CoreData.framework in Frameworks */ = {isa = PBXBuildFile; fileRef = 9155238315B07D4700F2F539 /* CoreData.framework */; };
		9155239415B0949500F2F539 /* LineItem.m in Sources */ = {isa = PBXBuildFile; fileRef = 9155239315B0949500F2F539 /* LineItem.m */; };
		9155239715B0949500F2F539 /* Bill.m in Sources */ = {isa = PBXBuildFile; fileRef = 9155239615B0949500F2F539 /* Bill.m */; };
		9155239A15B0949500F2F539 /* Person.m in Sources */ = {isa = PBXBuildFile; fileRef = 9155239915B0949500F2F539 /* Person.m */; };
		9155239D15B0949500F2F539 /* Assignment.m in Sources */ = {isa = PBXBuildFile; fileRef = 9155239C15B0949500F2F539 /* Assignment.m */; };
		91615811161609C50031FE6B /* Default-568h@2x.png in Resources */ = {isa = PBXBuildFile; fileRef = 91615810161609C50031FE6B /* Default-568h@2x.png */; };
		9167C83415CC8EE800E25A2F /* cameraFlashAuto.png in Resources */ = {isa = PBXBuildFile; fileRef = 9167C82E15CC8EE800E25A2F /* cameraFlashAuto.png */; };
		9167C83515CC8EE800E25A2F /* cameraFlashAuto@2x.png in Resources */ = {isa = PBXBuildFile; fileRef = 9167C82F15CC8EE800E25A2F /* cameraFlashAuto@2x.png */; };
		9167C83615CC8EE800E25A2F /* cameraFlashOff.png in Resources */ = {isa = PBXBuildFile; fileRef = 9167C83015CC8EE800E25A2F /* cameraFlashOff.png */; };
		9167C83715CC8EE800E25A2F /* cameraFlashOff@2x.png in Resources */ = {isa = PBXBuildFile; fileRef = 9167C83115CC8EE800E25A2F /* cameraFlashOff@2x.png */; };
		9167C83815CC8EE800E25A2F /* cameraFlashOn.png in Resources */ = {isa = PBXBuildFile; fileRef = 9167C83215CC8EE800E25A2F /* cameraFlashOn.png */; };
		9167C83915CC8EE800E25A2F /* cameraFlashOn@2x.png in Resources */ = {isa = PBXBuildFile; fileRef = 9167C83315CC8EE800E25A2F /* cameraFlashOn@2x.png */; };
		916E7063163B2A6B0082ECD1 /* buttonAdd.png in Resources */ = {isa = PBXBuildFile; fileRef = 916E705F163B2A6B0082ECD1 /* buttonAdd.png */; };
		916E7064163B2A6B0082ECD1 /* buttonAdd@2x.png in Resources */ = {isa = PBXBuildFile; fileRef = 916E7060163B2A6B0082ECD1 /* buttonAdd@2x.png */; };
		916E7065163B2A6B0082ECD1 /* buttonSubtract.png in Resources */ = {isa = PBXBuildFile; fileRef = 916E7061163B2A6B0082ECD1 /* buttonSubtract.png */; };
		916E7066163B2A6B0082ECD1 /* buttonSubtrct@2x.png in Resources */ = {isa = PBXBuildFile; fileRef = 916E7062163B2A6B0082ECD1 /* buttonSubtrct@2x.png */; };
		916E706E163B349D0082ECD1 /* navButtonCamera.png in Resources */ = {isa = PBXBuildFile; fileRef = 916E7068163B349D0082ECD1 /* navButtonCamera.png */; };
		916E706F163B349D0082ECD1 /* navButtonCamera@2x.png in Resources */ = {isa = PBXBuildFile; fileRef = 916E7069163B349D0082ECD1 /* navButtonCamera@2x.png */; };
		916E7070163B349D0082ECD1 /* navButtonCheck.png in Resources */ = {isa = PBXBuildFile; fileRef = 916E706A163B349D0082ECD1 /* navButtonCheck.png */; };
		916E7071163B349D0082ECD1 /* navButtonCheck@2x.png in Resources */ = {isa = PBXBuildFile; fileRef = 916E706B163B349D0082ECD1 /* navButtonCheck@2x.png */; };
		916E7072163B349D0082ECD1 /* navButtonPlus.png in Resources */ = {isa = PBXBuildFile; fileRef = 916E706C163B349D0082ECD1 /* navButtonPlus.png */; };
		916E7073163B349D0082ECD1 /* navButtonPlus@2x.png in Resources */ = {isa = PBXBuildFile; fileRef = 916E706D163B349D0082ECD1 /* navButtonPlus@2x.png */; };
		916E7076163B3A1D0082ECD1 /* BLProgressButton.m in Sources */ = {isa = PBXBuildFile; fileRef = 916E7075163B3A1D0082ECD1 /* BLProgressButton.m */; };
		916E7079163B3F5C0082ECD1 /* navButtonBack.png in Resources */ = {isa = PBXBuildFile; fileRef = 916E7077163B3F5C0082ECD1 /* navButtonBack.png */; };
		916E707A163B3F5C0082ECD1 /* navButtonBack@2x.png in Resources */ = {isa = PBXBuildFile; fileRef = 916E7078163B3F5C0082ECD1 /* navButtonBack@2x.png */; };
		9182242815F90A5A00A6CDCF /* Foundation.framework in Frameworks */ = {isa = PBXBuildFile; fileRef = 91B9CC581576C3ED00AAEDC0 /* Foundation.framework */; };
		9182243415F90A7400A6CDCF /* libASIHTTPRequest.a in Frameworks */ = {isa = PBXBuildFile; fileRef = 9182242715F90A5A00A6CDCF /* libASIHTTPRequest.a */; };
		9182244A15F90AF200A6CDCF /* ASIAuthenticationDialog.m in Sources */ = {isa = PBXBuildFile; fileRef = 9182243715F90AF200A6CDCF /* ASIAuthenticationDialog.m */; };
		9182244B15F90AF200A6CDCF /* ASIDataCompressor.m in Sources */ = {isa = PBXBuildFile; fileRef = 9182243A15F90AF200A6CDCF /* ASIDataCompressor.m */; };
		9182244C15F90AF200A6CDCF /* ASIDataDecompressor.m in Sources */ = {isa = PBXBuildFile; fileRef = 9182243C15F90AF200A6CDCF /* ASIDataDecompressor.m */; };
		9182244D15F90AF200A6CDCF /* ASIDownloadCache.m in Sources */ = {isa = PBXBuildFile; fileRef = 9182243E15F90AF200A6CDCF /* ASIDownloadCache.m */; };
		9182244E15F90AF200A6CDCF /* ASIFormDataRequest.m in Sources */ = {isa = PBXBuildFile; fileRef = 9182244015F90AF200A6CDCF /* ASIFormDataRequest.m */; };
		9182244F15F90AF200A6CDCF /* ASIHTTPRequest.m in Sources */ = {isa = PBXBuildFile; fileRef = 9182244215F90AF200A6CDCF /* ASIHTTPRequest.m */; };
		9182245015F90AF200A6CDCF /* ASIInputStream.m in Sources */ = {isa = PBXBuildFile; fileRef = 9182244615F90AF200A6CDCF /* ASIInputStream.m */; };
		9182245115F90AF200A6CDCF /* ASINetworkQueue.m in Sources */ = {isa = PBXBuildFile; fileRef = 9182244815F90AF200A6CDCF /* ASINetworkQueue.m */; };
		9182245615F91B9200A6CDCF /* Reachability.m in Sources */ = {isa = PBXBuildFile; fileRef = 9182245515F91B9200A6CDCF /* Reachability.m */; };
		9182245E15F94BFB00A6CDCF /* CFNetwork.framework in Frameworks */ = {isa = PBXBuildFile; fileRef = 9182245D15F94BFB00A6CDCF /* CFNetwork.framework */; };
		9182246015F94C4400A6CDCF /* SystemConfiguration.framework in Frameworks */ = {isa = PBXBuildFile; fileRef = 9182245F15F94C4400A6CDCF /* SystemConfiguration.framework */; };
		9182246215F94C5A00A6CDCF /* MobileCoreServices.framework in Frameworks */ = {isa = PBXBuildFile; fileRef = 9182246115F94C5A00A6CDCF /* MobileCoreServices.framework */; };
		9194585F1617E54800E0B710 /* navigationBar.png in Resources */ = {isa = PBXBuildFile; fileRef = 9194585D1617E54800E0B710 /* navigationBar.png */; };
		919458601617E54800E0B710 /* navigationBar@2x.png in Resources */ = {isa = PBXBuildFile; fileRef = 9194585E1617E54800E0B710 /* navigationBar@2x.png */; };
		919458631617E56300E0B710 /* BLViewController.m in Sources */ = {isa = PBXBuildFile; fileRef = 919458621617E56300E0B710 /* BLViewController.m */; };
		919458661617E7C200E0B710 /* viewBackground.png in Resources */ = {isa = PBXBuildFile; fileRef = 919458641617E7C200E0B710 /* viewBackground.png */; };
		919458671617E7C200E0B710 /* viewBackground@2x.png in Resources */ = {isa = PBXBuildFile; fileRef = 919458651617E7C200E0B710 /* viewBackground@2x.png */; };
		9194586A1618014400E0B710 /* BLMainView.m in Sources */ = {isa = PBXBuildFile; fileRef = 919458691618014400E0B710 /* BLMainView.m */; };
		9194586D161805F100E0B710 /* billBackground.png in Resources */ = {isa = PBXBuildFile; fileRef = 9194586B161805F100E0B710 /* billBackground.png */; };
		9194586E161805F100E0B710 /* billBackground@2x.png in Resources */ = {isa = PBXBuildFile; fileRef = 9194586C161805F100E0B710 /* billBackground@2x.png */; };
		919458711618087000E0B710 /* bottomBorder.png in Resources */ = {isa = PBXBuildFile; fileRef = 9194586F1618087000E0B710 /* bottomBorder.png */; };
		919458721618087000E0B710 /* bottomBorder@2x.png in Resources */ = {isa = PBXBuildFile; fileRef = 919458701618087000E0B710 /* bottomBorder@2x.png */; };
		9198BF13157AEB25001B74A9 /* BLCameraViewController.m in Sources */ = {isa = PBXBuildFile; fileRef = 9198BF07157AEB25001B74A9 /* BLCameraViewController.m */; };
		9198BF14157AEB25001B74A9 /* BLCropViewController.m in Sources */ = {isa = PBXBuildFile; fileRef = 9198BF09157AEB25001B74A9 /* BLCropViewController.m */; };
		9198BF15157AEB25001B74A9 /* BLFixItemsViewController.m in Sources */ = {isa = PBXBuildFile; fileRef = 9198BF0B157AEB25001B74A9 /* BLFixItemsViewController.m */; };
		9198BF16157AEB25001B74A9 /* BLNamesViewController.m in Sources */ = {isa = PBXBuildFile; fileRef = 9198BF0D157AEB25001B74A9 /* BLNamesViewController.m */; };
		9198BF17157AEB25001B74A9 /* BLSplitBillViewController.m in Sources */ = {isa = PBXBuildFile; fileRef = 9198BF0F157AEB25001B74A9 /* BLSplitBillViewController.m */; };
		9198BF18157AEB25001B74A9 /* BLSplitCountViewController.m in Sources */ = {isa = PBXBuildFile; fileRef = 9198BF11157AEB25001B74A9 /* BLSplitCountViewController.m */; };
		9198BF1A157AEB34001B74A9 /* BLSplitBillViewController.xib in Resources */ = {isa = PBXBuildFile; fileRef = 9198BF19157AEB34001B74A9 /* BLSplitBillViewController.xib */; };
		91A66BAE16D7F92A00BD4E93 /* BLLineItem.m in Sources */ = {isa = PBXBuildFile; fileRef = 91A66BAD16D7F92A00BD4E93 /* BLLineItem.m */; };
		91A66BB116D8038900BD4E93 /* BLSplitAdjuster.m in Sources */ = {isa = PBXBuildFile; fileRef = 91A66BB016D8038900BD4E93 /* BLSplitAdjuster.m */; };
		91A66BB416D817AF00BD4E93 /* BLPaddedLabel.m in Sources */ = {isa = PBXBuildFile; fileRef = 91A66BB316D817AF00BD4E93 /* BLPaddedLabel.m */; };
		91A66BB716DBC2C700BD4E93 /* BLSplitAdjusterPerson.m in Sources */ = {isa = PBXBuildFile; fileRef = 91A66BB616DBC2C700BD4E93 /* BLSplitAdjusterPerson.m */; };
		91AAE66E158E54BF00C609C4 /* BLSummaryViewController.m in Sources */ = {isa = PBXBuildFile; fileRef = 91AAE66C158E54BF00C609C4 /* BLSummaryViewController.m */; };
		91AAE671158E551F00C609C4 /* BLSummaryViewController.xib in Resources */ = {isa = PBXBuildFile; fileRef = 91AAE670158E551F00C609C4 /* BLSummaryViewController.xib */; };
		91B9CC571576C3ED00AAEDC0 /* UIKit.framework in Frameworks */ = {isa = PBXBuildFile; fileRef = 91B9CC561576C3ED00AAEDC0 /* UIKit.framework */; };
		91B9CC591576C3ED00AAEDC0 /* Foundation.framework in Frameworks */ = {isa = PBXBuildFile; fileRef = 91B9CC581576C3ED00AAEDC0 /* Foundation.framework */; };
		91B9CC5B1576C3ED00AAEDC0 /* CoreGraphics.framework in Frameworks */ = {isa = PBXBuildFile; fileRef = 91B9CC5A1576C3ED00AAEDC0 /* CoreGraphics.framework */; };
		91B9CC811576C5D200AAEDC0 /* main.m in Sources */ = {isa = PBXBuildFile; fileRef = 91B9CC7F1576C5D200AAEDC0 /* main.m */; };
		91B9CC891576C62900AAEDC0 /* InfoPlist.strings in Resources */ = {isa = PBXBuildFile; fileRef = 91B9CC881576C62900AAEDC0 /* InfoPlist.strings */; };
		91B9CC951576D22100AAEDC0 /* BLSplitCountViewController.xib in Resources */ = {isa = PBXBuildFile; fileRef = 91B9CC941576D22100AAEDC0 /* BLSplitCountViewController.xib */; };
		91B9CC9F1576E4A900AAEDC0 /* libTestFlight.a in Frameworks */ = {isa = PBXBuildFile; fileRef = 91B9CC9D1576E4A900AAEDC0 /* libTestFlight.a */; };
		91B9CCA11576E53700AAEDC0 /* libz.dylib in Frameworks */ = {isa = PBXBuildFile; fileRef = 91B9CCA01576E53700AAEDC0 /* libz.dylib */; };
		91B9CCB21577D10B00AAEDC0 /* BLCameraViewController.xib in Resources */ = {isa = PBXBuildFile; fileRef = 91B9CCB11577D10B00AAEDC0 /* BLCameraViewController.xib */; };
		91B9CCCA1577D72500AAEDC0 /* Icon-72.png in Resources */ = {isa = PBXBuildFile; fileRef = 91B9CCC41577D72500AAEDC0 /* Icon-72.png */; };
		91B9CCCB1577D72500AAEDC0 /* Icon-72@2x.png in Resources */ = {isa = PBXBuildFile; fileRef = 91B9CCC51577D72500AAEDC0 /* Icon-72@2x.png */; };
		91B9CCCC1577D72500AAEDC0 /* Icon.png in Resources */ = {isa = PBXBuildFile; fileRef = 91B9CCC61577D72500AAEDC0 /* Icon.png */; };
		91B9CCCD1577D72500AAEDC0 /* Icon@2x.png in Resources */ = {isa = PBXBuildFile; fileRef = 91B9CCC71577D72500AAEDC0 /* Icon@2x.png */; };
		91CAC83F157E6704001B500F /* BLAppDelegate.m in Sources */ = {isa = PBXBuildFile; fileRef = 91CAC83E157E6704001B500F /* BLAppDelegate.m */; };
		91D0953C1595310C00E22EEC /* Default.png in Resources */ = {isa = PBXBuildFile; fileRef = 91D0953A1595310C00E22EEC /* Default.png */; };
		91D0953D1595310C00E22EEC /* Default@2x.png in Resources */ = {isa = PBXBuildFile; fileRef = 91D0953B1595310C00E22EEC /* Default@2x.png */; };
		91DF3452171C463000EFD376 /* BLSummaryView.m in Sources */ = {isa = PBXBuildFile; fileRef = 91DF3451171C463000EFD376 /* BLSummaryView.m */; };
		91DF3455171C468B00EFD376 /* BLView.m in Sources */ = {isa = PBXBuildFile; fileRef = 91DF3454171C468B00EFD376 /* BLView.m */; };
		91E62D1215CC546C00E3AD5D /* cameraFocus.png in Resources */ = {isa = PBXBuildFile; fileRef = 91E62D1015CC546C00E3AD5D /* cameraFocus.png */; };
		91E62D1315CC546C00E3AD5D /* cameraFocus@2x.png in Resources */ = {isa = PBXBuildFile; fileRef = 91E62D1115CC546C00E3AD5D /* cameraFocus@2x.png */; };
		91E62D1A15CC7F2B00E3AD5D /* UIViewController+ButtonManagement.m in Sources */ = {isa = PBXBuildFile; fileRef = 91E62D1915CC7F2B00E3AD5D /* UIViewController+ButtonManagement.m */; };
		91EB2BBC1586E4B9007FD18B /* BLTaxTipViewController.m in Sources */ = {isa = PBXBuildFile; fileRef = 91EB2BBA1586E4B9007FD18B /* BLTaxTipViewController.m */; };
		91EB2BC01586E56F007FD18B /* BLTaxTipViewController.xib in Resources */ = {isa = PBXBuildFile; fileRef = 91EB2BBF1586E56F007FD18B /* BLTaxTipViewController.xib */; };
		91EC8CD3157722B0000E7DE8 /* BLNamesViewController.xib in Resources */ = {isa = PBXBuildFile; fileRef = 91EC8CD2157722B0000E7DE8 /* BLNamesViewController.xib */; };
		91EE1D6A17344016002D2B5A /* navButtonRestart.png in Resources */ = {isa = PBXBuildFile; fileRef = 91EE1D6817344016002D2B5A /* navButtonRestart.png */; };
		91EE1D6B17344016002D2B5A /* navButtonRestart@2x.png in Resources */ = {isa = PBXBuildFile; fileRef = 91EE1D6917344016002D2B5A /* navButtonRestart@2x.png */; };
		91EE1D6E173440A8002D2B5A /* BLPersonSummaryView.m in Sources */ = {isa = PBXBuildFile; fileRef = 91EE1D6D173440A8002D2B5A /* BLPersonSummaryView.m */; };
		91EE1D71173452C1002D2B5A /* BLPersonBreakdownView.m in Sources */ = {isa = PBXBuildFile; fileRef = 91EE1D70173452C1002D2B5A /* BLPersonBreakdownView.m */; };
		91F1B7F11685132C00E81E5E /* BLEditableLineItem.m in Sources */ = {isa = PBXBuildFile; fileRef = 91F1B7F01685132C00E81E5E /* BLEditableLineItem.m */; };
/* End PBXBuildFile section */

/* Begin PBXContainerItemProxy section */
		9182245B15F91C4900A6CDCF /* PBXContainerItemProxy */ = {
			isa = PBXContainerItemProxy;
			containerPortal = 91B9CC491576C3ED00AAEDC0 /* Project object */;
			proxyType = 1;
			remoteGlobalIDString = 9182242615F90A5A00A6CDCF;
			remoteInfo = ASIHTTPRequest;
		};
/* End PBXContainerItemProxy section */

/* Begin PBXCopyFilesBuildPhase section */
		9182242515F90A5A00A6CDCF /* CopyFiles */ = {
			isa = PBXCopyFilesBuildPhase;
			buildActionMask = 2147483647;
			dstPath = "include/${PRODUCT_NAME}";
			dstSubfolderSpec = 16;
			files = (
			);
			runOnlyForDeploymentPostprocessing = 0;
		};
/* End PBXCopyFilesBuildPhase section */

/* Begin PBXFileReference section */
		910945ED164C362600CBD8E2 /* BLScrollView.h */ = {isa = PBXFileReference; fileEncoding = 4; lastKnownFileType = sourcecode.c.h; name = BLScrollView.h; path = CustomUI/BLScrollView.h; sourceTree = "<group>"; };
		910945EE164C362600CBD8E2 /* BLScrollView.m */ = {isa = PBXFileReference; fileEncoding = 4; lastKnownFileType = sourcecode.c.objc; name = BLScrollView.m; path = CustomUI/BLScrollView.m; sourceTree = "<group>"; };
		910945F1164D807000CBD8E2 /* BLPaddedTextField.h */ = {isa = PBXFileReference; fileEncoding = 4; lastKnownFileType = sourcecode.c.h; name = BLPaddedTextField.h; path = CustomUI/BLPaddedTextField.h; sourceTree = "<group>"; };
		910945F2164D807000CBD8E2 /* BLPaddedTextField.m */ = {isa = PBXFileReference; fileEncoding = 4; lastKnownFileType = sourcecode.c.objc; name = BLPaddedTextField.m; path = CustomUI/BLPaddedTextField.m; sourceTree = "<group>"; };
		910945F4164D925500CBD8E2 /* BLFeedback.h */ = {isa = PBXFileReference; fileEncoding = 4; lastKnownFileType = sourcecode.c.h; name = BLFeedback.h; path = OtherClasses/BLFeedback.h; sourceTree = "<group>"; };
		910945F5164D925500CBD8E2 /* BLFeedback.m */ = {isa = PBXFileReference; fileEncoding = 4; lastKnownFileType = sourcecode.c.objc; name = BLFeedback.m; path = OtherClasses/BLFeedback.m; sourceTree = "<group>"; };
		910945FC1657100F00CBD8E2 /* iTunesArtwork.png */ = {isa = PBXFileReference; lastKnownFileType = image.png; path = iTunesArtwork.png; sourceTree = SOURCE_ROOT; };
		910945FD1657100F00CBD8E2 /* iTunesArtwork@2x.png */ = {isa = PBXFileReference; lastKnownFileType = image.png; path = "iTunesArtwork@2x.png"; sourceTree = SOURCE_ROOT; };
		9118411916A0B086005CC388 /* deleteXGrey.png */ = {isa = PBXFileReference; lastKnownFileType = image.png; path = deleteXGrey.png; sourceTree = "<group>"; };
		9118411A16A0B086005CC388 /* deleteXGrey@2x.png */ = {isa = PBXFileReference; lastKnownFileType = image.png; path = "deleteXGrey@2x.png"; sourceTree = "<group>"; };
		9118411B16A0B086005CC388 /* deleteXRed.png */ = {isa = PBXFileReference; lastKnownFileType = image.png; path = deleteXRed.png; sourceTree = "<group>"; };
		9118411C16A0B086005CC388 /* deleteXRed@2x.png */ = {isa = PBXFileReference; lastKnownFileType = image.png; path = "deleteXRed@2x.png"; sourceTree = "<group>"; };
		9119424E17297B03001268BA /* BLPercentPicker.h */ = {isa = PBXFileReference; fileEncoding = 4; lastKnownFileType = sourcecode.c.h; name = BLPercentPicker.h; path = CustomUI/BLPercentPicker.h; sourceTree = "<group>"; };
		9119424F17297B03001268BA /* BLPercentPicker.m */ = {isa = PBXFileReference; fileEncoding = 4; lastKnownFileType = sourcecode.c.objc; name = BLPercentPicker.m; path = CustomUI/BLPercentPicker.m; sourceTree = "<group>"; };
		913F91D01649AED40057A3A5 /* cameraPreviewFrame.png */ = {isa = PBXFileReference; lastKnownFileType = image.png; path = cameraPreviewFrame.png; sourceTree = "<group>"; };
		913F91D11649AED40057A3A5 /* cameraPreviewFrame@2x.png */ = {isa = PBXFileReference; lastKnownFileType = image.png; path = "cameraPreviewFrame@2x.png"; sourceTree = "<group>"; };
		913F91D51649B4AB0057A3A5 /* navButtonSkip.png */ = {isa = PBXFileReference; lastKnownFileType = image.png; path = navButtonSkip.png; sourceTree = "<group>"; };
		913F91D61649B4AB0057A3A5 /* navButtonSkip@2x.png */ = {isa = PBXFileReference; lastKnownFileType = image.png; path = "navButtonSkip@2x.png"; sourceTree = "<group>"; };
		913F91D91649BF6C0057A3A5 /* tearBottom.png */ = {isa = PBXFileReference; lastKnownFileType = image.png; path = tearBottom.png; sourceTree = "<group>"; };
		913F91DA1649BF6C0057A3A5 /* tearBottom@2x.png */ = {isa = PBXFileReference; lastKnownFileType = image.png; path = "tearBottom@2x.png"; sourceTree = "<group>"; };
		913F91DB1649BF6D0057A3A5 /* tearTop.png */ = {isa = PBXFileReference; lastKnownFileType = image.png; path = tearTop.png; sourceTree = "<group>"; };
		913F91DC1649BF6D0057A3A5 /* tearTop@2x.png */ = {isa = PBXFileReference; lastKnownFileType = image.png; path = "tearTop@2x.png"; sourceTree = "<group>"; };
		9148ADD91577DDBF00985CA0 /* AVFoundation.framework */ = {isa = PBXFileReference; lastKnownFileType = wrapper.framework; name = AVFoundation.framework; path = System/Library/Frameworks/AVFoundation.framework; sourceTree = SDKROOT; };
		9148ADE01577E6F600985CA0 /* BLCropViewController.xib */ = {isa = PBXFileReference; fileEncoding = 4; lastKnownFileType = file.xib; name = BLCropViewController.xib; path = NIBs/BLCropViewController.xib; sourceTree = "<group>"; };
		9148ADE21577FD6B00985CA0 /* cropDot.png */ = {isa = PBXFileReference; lastKnownFileType = image.png; path = cropDot.png; sourceTree = "<group>"; };
		9148ADE31577FD6B00985CA0 /* cropDot@2x.png */ = {isa = PBXFileReference; lastKnownFileType = image.png; path = "cropDot@2x.png"; sourceTree = "<group>"; };
		9148ADE6157800D600985CA0 /* QuartzCore.framework */ = {isa = PBXFileReference; lastKnownFileType = wrapper.framework; name = QuartzCore.framework; path = System/Library/Frameworks/QuartzCore.framework; sourceTree = SDKROOT; };
		9148ADF0157913FA00985CA0 /* tessdata */ = {isa = PBXFileReference; lastKnownFileType = folder; name = tessdata; path = Support/tessdata; sourceTree = SOURCE_ROOT; };
		9148ADF31579145300985CA0 /* libtesseract_full.a */ = {isa = PBXFileReference; lastKnownFileType = archive.ar; path = libtesseract_full.a; sourceTree = "<group>"; };
		9148ADF715791A0100985CA0 /* Tesseract.h */ = {isa = PBXFileReference; fileEncoding = 4; lastKnownFileType = sourcecode.c.h; path = Tesseract.h; sourceTree = "<group>"; };
		9148ADF815791D1400985CA0 /* OpenGLES.framework */ = {isa = PBXFileReference; lastKnownFileType = wrapper.framework; name = OpenGLES.framework; path = System/Library/Frameworks/OpenGLES.framework; sourceTree = SDKROOT; };
		9148ADFC157925ED00985CA0 /* ImageIO.framework */ = {isa = PBXFileReference; lastKnownFileType = wrapper.framework; name = ImageIO.framework; path = System/Library/Frameworks/ImageIO.framework; sourceTree = SDKROOT; };
		9148ADFE157926DF00985CA0 /* CoreMedia.framework */ = {isa = PBXFileReference; lastKnownFileType = wrapper.framework; name = CoreMedia.framework; path = System/Library/Frameworks/CoreMedia.framework; sourceTree = SDKROOT; };
		9148AE0515792E9700985CA0 /* BLFixItemsViewController.xib */ = {isa = PBXFileReference; fileEncoding = 4; lastKnownFileType = file.xib; name = BLFixItemsViewController.xib; path = NIBs/BLFixItemsViewController.xib; sourceTree = "<group>"; };
		9148AE081579473700985CA0 /* BLTextField.h */ = {isa = PBXFileReference; fileEncoding = 4; lastKnownFileType = sourcecode.c.h; name = BLTextField.h; path = CustomUI/BLTextField.h; sourceTree = "<group>"; };
		9148AE091579473700985CA0 /* BLTextField.m */ = {isa = PBXFileReference; fileEncoding = 4; lastKnownFileType = sourcecode.c.objc; name = BLTextField.m; path = CustomUI/BLTextField.m; sourceTree = "<group>"; };
		9155238015B07A8C00F2F539 /* billy.xcdatamodel */ = {isa = PBXFileReference; lastKnownFileType = wrapper.xcdatamodel; path = billy.xcdatamodel; sourceTree = "<group>"; };
		9155238315B07D4700F2F539 /* CoreData.framework */ = {isa = PBXFileReference; lastKnownFileType = wrapper.framework; name = CoreData.framework; path = System/Library/Frameworks/CoreData.framework; sourceTree = SDKROOT; };
		9155239215B0949500F2F539 /* LineItem.h */ = {isa = PBXFileReference; fileEncoding = 4; lastKnownFileType = sourcecode.c.h; path = LineItem.h; sourceTree = "<group>"; };
		9155239315B0949500F2F539 /* LineItem.m */ = {isa = PBXFileReference; fileEncoding = 4; lastKnownFileType = sourcecode.c.objc; path = LineItem.m; sourceTree = "<group>"; };
		9155239515B0949500F2F539 /* Bill.h */ = {isa = PBXFileReference; fileEncoding = 4; lastKnownFileType = sourcecode.c.h; path = Bill.h; sourceTree = "<group>"; };
		9155239615B0949500F2F539 /* Bill.m */ = {isa = PBXFileReference; fileEncoding = 4; lastKnownFileType = sourcecode.c.objc; path = Bill.m; sourceTree = "<group>"; };
		9155239815B0949500F2F539 /* Person.h */ = {isa = PBXFileReference; fileEncoding = 4; lastKnownFileType = sourcecode.c.h; path = Person.h; sourceTree = "<group>"; };
		9155239915B0949500F2F539 /* Person.m */ = {isa = PBXFileReference; fileEncoding = 4; lastKnownFileType = sourcecode.c.objc; path = Person.m; sourceTree = "<group>"; };
		9155239B15B0949500F2F539 /* Assignment.h */ = {isa = PBXFileReference; fileEncoding = 4; lastKnownFileType = sourcecode.c.h; path = Assignment.h; sourceTree = "<group>"; };
		9155239C15B0949500F2F539 /* Assignment.m */ = {isa = PBXFileReference; fileEncoding = 4; lastKnownFileType = sourcecode.c.objc; path = Assignment.m; sourceTree = "<group>"; };
		9155239E15B0986E00F2F539 /* AddSplitterEntity.xcdatamodel */ = {isa = PBXFileReference; lastKnownFileType = wrapper.xcdatamodel; path = AddSplitterEntity.xcdatamodel; sourceTree = "<group>"; };
		9155239F15B0A58900F2F539 /* AddIndexToLineItem.xcdatamodel */ = {isa = PBXFileReference; lastKnownFileType = wrapper.xcdatamodel; path = AddIndexToLineItem.xcdatamodel; sourceTree = "<group>"; };
		915523A015B0B20900F2F539 /* AddDeletedFlagToLineItem.xcdatamodel */ = {isa = PBXFileReference; lastKnownFileType = wrapper.xcdatamodel; path = AddDeletedFlagToLineItem.xcdatamodel; sourceTree = "<group>"; };
		915523AB15B0BB0900F2F539 /* FixRawTextIssue.xcdatamodel */ = {isa = PBXFileReference; lastKnownFileType = wrapper.xcdatamodel; path = FixRawTextIssue.xcdatamodel; sourceTree = "<group>"; };
		91615810161609C50031FE6B /* Default-568h@2x.png */ = {isa = PBXFileReference; lastKnownFileType = image.png; path = "Default-568h@2x.png"; sourceTree = SOURCE_ROOT; };
		9167C82E15CC8EE800E25A2F /* cameraFlashAuto.png */ = {isa = PBXFileReference; lastKnownFileType = image.png; path = cameraFlashAuto.png; sourceTree = "<group>"; };
		9167C82F15CC8EE800E25A2F /* cameraFlashAuto@2x.png */ = {isa = PBXFileReference; lastKnownFileType = image.png; path = "cameraFlashAuto@2x.png"; sourceTree = "<group>"; };
		9167C83015CC8EE800E25A2F /* cameraFlashOff.png */ = {isa = PBXFileReference; lastKnownFileType = image.png; path = cameraFlashOff.png; sourceTree = "<group>"; };
		9167C83115CC8EE800E25A2F /* cameraFlashOff@2x.png */ = {isa = PBXFileReference; lastKnownFileType = image.png; path = "cameraFlashOff@2x.png"; sourceTree = "<group>"; };
		9167C83215CC8EE800E25A2F /* cameraFlashOn.png */ = {isa = PBXFileReference; lastKnownFileType = image.png; path = cameraFlashOn.png; sourceTree = "<group>"; };
		9167C83315CC8EE800E25A2F /* cameraFlashOn@2x.png */ = {isa = PBXFileReference; lastKnownFileType = image.png; path = "cameraFlashOn@2x.png"; sourceTree = "<group>"; };
		916E705F163B2A6B0082ECD1 /* buttonAdd.png */ = {isa = PBXFileReference; lastKnownFileType = image.png; path = buttonAdd.png; sourceTree = "<group>"; };
		916E7060163B2A6B0082ECD1 /* buttonAdd@2x.png */ = {isa = PBXFileReference; lastKnownFileType = image.png; path = "buttonAdd@2x.png"; sourceTree = "<group>"; };
		916E7061163B2A6B0082ECD1 /* buttonSubtract.png */ = {isa = PBXFileReference; lastKnownFileType = image.png; path = buttonSubtract.png; sourceTree = "<group>"; };
		916E7062163B2A6B0082ECD1 /* buttonSubtrct@2x.png */ = {isa = PBXFileReference; lastKnownFileType = image.png; path = "buttonSubtrct@2x.png"; sourceTree = "<group>"; };
		916E7068163B349D0082ECD1 /* navButtonCamera.png */ = {isa = PBXFileReference; lastKnownFileType = image.png; path = navButtonCamera.png; sourceTree = "<group>"; };
		916E7069163B349D0082ECD1 /* navButtonCamera@2x.png */ = {isa = PBXFileReference; lastKnownFileType = image.png; path = "navButtonCamera@2x.png"; sourceTree = "<group>"; };
		916E706A163B349D0082ECD1 /* navButtonCheck.png */ = {isa = PBXFileReference; lastKnownFileType = image.png; path = navButtonCheck.png; sourceTree = "<group>"; };
		916E706B163B349D0082ECD1 /* navButtonCheck@2x.png */ = {isa = PBXFileReference; lastKnownFileType = image.png; path = "navButtonCheck@2x.png"; sourceTree = "<group>"; };
		916E706C163B349D0082ECD1 /* navButtonPlus.png */ = {isa = PBXFileReference; lastKnownFileType = image.png; path = navButtonPlus.png; sourceTree = "<group>"; };
		916E706D163B349D0082ECD1 /* navButtonPlus@2x.png */ = {isa = PBXFileReference; lastKnownFileType = image.png; path = "navButtonPlus@2x.png"; sourceTree = "<group>"; };
		916E7074163B3A1D0082ECD1 /* BLProgressButton.h */ = {isa = PBXFileReference; fileEncoding = 4; lastKnownFileType = sourcecode.c.h; name = BLProgressButton.h; path = CustomUI/BLProgressButton.h; sourceTree = "<group>"; };
		916E7075163B3A1D0082ECD1 /* BLProgressButton.m */ = {isa = PBXFileReference; fileEncoding = 4; lastKnownFileType = sourcecode.c.objc; name = BLProgressButton.m; path = CustomUI/BLProgressButton.m; sourceTree = "<group>"; };
		916E7077163B3F5C0082ECD1 /* navButtonBack.png */ = {isa = PBXFileReference; lastKnownFileType = image.png; path = navButtonBack.png; sourceTree = "<group>"; };
		916E7078163B3F5C0082ECD1 /* navButtonBack@2x.png */ = {isa = PBXFileReference; lastKnownFileType = image.png; path = "navButtonBack@2x.png"; sourceTree = "<group>"; };
		9182241515F12F0400A6CDCF /* AddFeedbackSettingsToBill.xcdatamodel */ = {isa = PBXFileReference; lastKnownFileType = wrapper.xcdatamodel; path = AddFeedbackSettingsToBill.xcdatamodel; sourceTree = "<group>"; };
		9182241615F139D400A6CDCF /* AddImageURLDataToBill.xcdatamodel */ = {isa = PBXFileReference; lastKnownFileType = wrapper.xcdatamodel; path = AddImageURLDataToBill.xcdatamodel; sourceTree = "<group>"; };
		9182242715F90A5A00A6CDCF /* libASIHTTPRequest.a */ = {isa = PBXFileReference; explicitFileType = archive.ar; includeInIndex = 0; path = libASIHTTPRequest.a; sourceTree = BUILT_PRODUCTS_DIR; };
		9182243615F90AF200A6CDCF /* ASIAuthenticationDialog.h */ = {isa = PBXFileReference; fileEncoding = 4; lastKnownFileType = sourcecode.c.h; name = ASIAuthenticationDialog.h; path = Frameworks/ASIHTTPRequest/ASIAuthenticationDialog.h; sourceTree = "<group>"; };
		9182243715F90AF200A6CDCF /* ASIAuthenticationDialog.m */ = {isa = PBXFileReference; fileEncoding = 4; lastKnownFileType = sourcecode.c.objc; name = ASIAuthenticationDialog.m; path = Frameworks/ASIHTTPRequest/ASIAuthenticationDialog.m; sourceTree = "<group>"; };
		9182243815F90AF200A6CDCF /* ASICacheDelegate.h */ = {isa = PBXFileReference; fileEncoding = 4; lastKnownFileType = sourcecode.c.h; name = ASICacheDelegate.h; path = Frameworks/ASIHTTPRequest/ASICacheDelegate.h; sourceTree = "<group>"; };
		9182243915F90AF200A6CDCF /* ASIDataCompressor.h */ = {isa = PBXFileReference; fileEncoding = 4; lastKnownFileType = sourcecode.c.h; name = ASIDataCompressor.h; path = Frameworks/ASIHTTPRequest/ASIDataCompressor.h; sourceTree = "<group>"; };
		9182243A15F90AF200A6CDCF /* ASIDataCompressor.m */ = {isa = PBXFileReference; fileEncoding = 4; lastKnownFileType = sourcecode.c.objc; name = ASIDataCompressor.m; path = Frameworks/ASIHTTPRequest/ASIDataCompressor.m; sourceTree = "<group>"; };
		9182243B15F90AF200A6CDCF /* ASIDataDecompressor.h */ = {isa = PBXFileReference; fileEncoding = 4; lastKnownFileType = sourcecode.c.h; name = ASIDataDecompressor.h; path = Frameworks/ASIHTTPRequest/ASIDataDecompressor.h; sourceTree = "<group>"; };
		9182243C15F90AF200A6CDCF /* ASIDataDecompressor.m */ = {isa = PBXFileReference; fileEncoding = 4; lastKnownFileType = sourcecode.c.objc; name = ASIDataDecompressor.m; path = Frameworks/ASIHTTPRequest/ASIDataDecompressor.m; sourceTree = "<group>"; };
		9182243D15F90AF200A6CDCF /* ASIDownloadCache.h */ = {isa = PBXFileReference; fileEncoding = 4; lastKnownFileType = sourcecode.c.h; name = ASIDownloadCache.h; path = Frameworks/ASIHTTPRequest/ASIDownloadCache.h; sourceTree = "<group>"; };
		9182243E15F90AF200A6CDCF /* ASIDownloadCache.m */ = {isa = PBXFileReference; fileEncoding = 4; lastKnownFileType = sourcecode.c.objc; name = ASIDownloadCache.m; path = Frameworks/ASIHTTPRequest/ASIDownloadCache.m; sourceTree = "<group>"; };
		9182243F15F90AF200A6CDCF /* ASIFormDataRequest.h */ = {isa = PBXFileReference; fileEncoding = 4; lastKnownFileType = sourcecode.c.h; name = ASIFormDataRequest.h; path = Frameworks/ASIHTTPRequest/ASIFormDataRequest.h; sourceTree = "<group>"; };
		9182244015F90AF200A6CDCF /* ASIFormDataRequest.m */ = {isa = PBXFileReference; fileEncoding = 4; lastKnownFileType = sourcecode.c.objc; name = ASIFormDataRequest.m; path = Frameworks/ASIHTTPRequest/ASIFormDataRequest.m; sourceTree = "<group>"; };
		9182244115F90AF200A6CDCF /* ASIHTTPRequest.h */ = {isa = PBXFileReference; fileEncoding = 4; lastKnownFileType = sourcecode.c.h; name = ASIHTTPRequest.h; path = Frameworks/ASIHTTPRequest/ASIHTTPRequest.h; sourceTree = "<group>"; };
		9182244215F90AF200A6CDCF /* ASIHTTPRequest.m */ = {isa = PBXFileReference; fileEncoding = 4; lastKnownFileType = sourcecode.c.objc; name = ASIHTTPRequest.m; path = Frameworks/ASIHTTPRequest/ASIHTTPRequest.m; sourceTree = "<group>"; };
		9182244315F90AF200A6CDCF /* ASIHTTPRequestConfig.h */ = {isa = PBXFileReference; fileEncoding = 4; lastKnownFileType = sourcecode.c.h; name = ASIHTTPRequestConfig.h; path = Frameworks/ASIHTTPRequest/ASIHTTPRequestConfig.h; sourceTree = "<group>"; };
		9182244415F90AF200A6CDCF /* ASIHTTPRequestDelegate.h */ = {isa = PBXFileReference; fileEncoding = 4; lastKnownFileType = sourcecode.c.h; name = ASIHTTPRequestDelegate.h; path = Frameworks/ASIHTTPRequest/ASIHTTPRequestDelegate.h; sourceTree = "<group>"; };
		9182244515F90AF200A6CDCF /* ASIInputStream.h */ = {isa = PBXFileReference; fileEncoding = 4; lastKnownFileType = sourcecode.c.h; name = ASIInputStream.h; path = Frameworks/ASIHTTPRequest/ASIInputStream.h; sourceTree = "<group>"; };
		9182244615F90AF200A6CDCF /* ASIInputStream.m */ = {isa = PBXFileReference; fileEncoding = 4; lastKnownFileType = sourcecode.c.objc; name = ASIInputStream.m; path = Frameworks/ASIHTTPRequest/ASIInputStream.m; sourceTree = "<group>"; };
		9182244715F90AF200A6CDCF /* ASINetworkQueue.h */ = {isa = PBXFileReference; fileEncoding = 4; lastKnownFileType = sourcecode.c.h; name = ASINetworkQueue.h; path = Frameworks/ASIHTTPRequest/ASINetworkQueue.h; sourceTree = "<group>"; };
		9182244815F90AF200A6CDCF /* ASINetworkQueue.m */ = {isa = PBXFileReference; fileEncoding = 4; lastKnownFileType = sourcecode.c.objc; name = ASINetworkQueue.m; path = Frameworks/ASIHTTPRequest/ASINetworkQueue.m; sourceTree = "<group>"; };
		9182244915F90AF200A6CDCF /* ASIProgressDelegate.h */ = {isa = PBXFileReference; fileEncoding = 4; lastKnownFileType = sourcecode.c.h; name = ASIProgressDelegate.h; path = Frameworks/ASIHTTPRequest/ASIProgressDelegate.h; sourceTree = "<group>"; };
		9182245215F91AF000A6CDCF /* ASIHTTPRequest-Prefix.pch */ = {isa = PBXFileReference; fileEncoding = 4; lastKnownFileType = sourcecode.c.h; name = "ASIHTTPRequest-Prefix.pch"; path = "Frameworks/ASIHTTPRequest/ASIHTTPRequest-Prefix.pch"; sourceTree = "<group>"; };
		9182245415F91B9200A6CDCF /* Reachability.h */ = {isa = PBXFileReference; fileEncoding = 4; lastKnownFileType = sourcecode.c.h; path = Reachability.h; sourceTree = "<group>"; };
		9182245515F91B9200A6CDCF /* Reachability.m */ = {isa = PBXFileReference; fileEncoding = 4; lastKnownFileType = sourcecode.c.objc; path = Reachability.m; sourceTree = "<group>"; };
		9182245D15F94BFB00A6CDCF /* CFNetwork.framework */ = {isa = PBXFileReference; lastKnownFileType = wrapper.framework; name = CFNetwork.framework; path = System/Library/Frameworks/CFNetwork.framework; sourceTree = SDKROOT; };
		9182245F15F94C4400A6CDCF /* SystemConfiguration.framework */ = {isa = PBXFileReference; lastKnownFileType = wrapper.framework; name = SystemConfiguration.framework; path = System/Library/Frameworks/SystemConfiguration.framework; sourceTree = SDKROOT; };
		9182246115F94C5A00A6CDCF /* MobileCoreServices.framework */ = {isa = PBXFileReference; lastKnownFileType = wrapper.framework; name = MobileCoreServices.framework; path = System/Library/Frameworks/MobileCoreServices.framework; sourceTree = SDKROOT; };
		9194585D1617E54800E0B710 /* navigationBar.png */ = {isa = PBXFileReference; lastKnownFileType = image.png; path = navigationBar.png; sourceTree = "<group>"; };
		9194585E1617E54800E0B710 /* navigationBar@2x.png */ = {isa = PBXFileReference; lastKnownFileType = image.png; path = "navigationBar@2x.png"; sourceTree = "<group>"; };
		919458611617E56300E0B710 /* BLViewController.h */ = {isa = PBXFileReference; fileEncoding = 4; lastKnownFileType = sourcecode.c.h; name = BLViewController.h; path = ViewControllers/BLViewController.h; sourceTree = "<group>"; };
		919458621617E56300E0B710 /* BLViewController.m */ = {isa = PBXFileReference; fileEncoding = 4; lastKnownFileType = sourcecode.c.objc; name = BLViewController.m; path = ViewControllers/BLViewController.m; sourceTree = "<group>"; };
		919458641617E7C200E0B710 /* viewBackground.png */ = {isa = PBXFileReference; lastKnownFileType = image.png; path = viewBackground.png; sourceTree = "<group>"; };
		919458651617E7C200E0B710 /* viewBackground@2x.png */ = {isa = PBXFileReference; lastKnownFileType = image.png; path = "viewBackground@2x.png"; sourceTree = "<group>"; };
		919458681618014400E0B710 /* BLMainView.h */ = {isa = PBXFileReference; fileEncoding = 4; lastKnownFileType = sourcecode.c.h; name = BLMainView.h; path = CustomUI/BLMainView.h; sourceTree = "<group>"; };
		919458691618014400E0B710 /* BLMainView.m */ = {isa = PBXFileReference; fileEncoding = 4; lastKnownFileType = sourcecode.c.objc; name = BLMainView.m; path = CustomUI/BLMainView.m; sourceTree = "<group>"; };
		9194586B161805F100E0B710 /* billBackground.png */ = {isa = PBXFileReference; lastKnownFileType = image.png; path = billBackground.png; sourceTree = "<group>"; };
		9194586C161805F100E0B710 /* billBackground@2x.png */ = {isa = PBXFileReference; lastKnownFileType = image.png; path = "billBackground@2x.png"; sourceTree = "<group>"; };
		9194586F1618087000E0B710 /* bottomBorder.png */ = {isa = PBXFileReference; lastKnownFileType = image.png; path = bottomBorder.png; sourceTree = "<group>"; };
		919458701618087000E0B710 /* bottomBorder@2x.png */ = {isa = PBXFileReference; lastKnownFileType = image.png; path = "bottomBorder@2x.png"; sourceTree = "<group>"; };
		9198BF06157AEB25001B74A9 /* BLCameraViewController.h */ = {isa = PBXFileReference; fileEncoding = 4; lastKnownFileType = sourcecode.c.h; name = BLCameraViewController.h; path = ViewControllers/BLCameraViewController.h; sourceTree = "<group>"; };
		9198BF07157AEB25001B74A9 /* BLCameraViewController.m */ = {isa = PBXFileReference; explicitFileType = sourcecode.cpp.objcpp; fileEncoding = 4; name = BLCameraViewController.m; path = ViewControllers/BLCameraViewController.m; sourceTree = "<group>"; };
		9198BF08157AEB25001B74A9 /* BLCropViewController.h */ = {isa = PBXFileReference; fileEncoding = 4; lastKnownFileType = sourcecode.c.h; name = BLCropViewController.h; path = ViewControllers/BLCropViewController.h; sourceTree = "<group>"; };
		9198BF09157AEB25001B74A9 /* BLCropViewController.m */ = {isa = PBXFileReference; explicitFileType = sourcecode.cpp.objcpp; fileEncoding = 4; name = BLCropViewController.m; path = ViewControllers/BLCropViewController.m; sourceTree = "<group>"; };
		9198BF0A157AEB25001B74A9 /* BLFixItemsViewController.h */ = {isa = PBXFileReference; fileEncoding = 4; lastKnownFileType = sourcecode.c.h; name = BLFixItemsViewController.h; path = ViewControllers/BLFixItemsViewController.h; sourceTree = "<group>"; };
		9198BF0B157AEB25001B74A9 /* BLFixItemsViewController.m */ = {isa = PBXFileReference; fileEncoding = 4; lastKnownFileType = sourcecode.c.objc; name = BLFixItemsViewController.m; path = ViewControllers/BLFixItemsViewController.m; sourceTree = "<group>"; };
		9198BF0C157AEB25001B74A9 /* BLNamesViewController.h */ = {isa = PBXFileReference; fileEncoding = 4; lastKnownFileType = sourcecode.c.h; name = BLNamesViewController.h; path = ViewControllers/BLNamesViewController.h; sourceTree = "<group>"; };
		9198BF0D157AEB25001B74A9 /* BLNamesViewController.m */ = {isa = PBXFileReference; fileEncoding = 4; lastKnownFileType = sourcecode.c.objc; name = BLNamesViewController.m; path = ViewControllers/BLNamesViewController.m; sourceTree = "<group>"; };
		9198BF0E157AEB25001B74A9 /* BLSplitBillViewController.h */ = {isa = PBXFileReference; fileEncoding = 4; lastKnownFileType = sourcecode.c.h; name = BLSplitBillViewController.h; path = ViewControllers/BLSplitBillViewController.h; sourceTree = "<group>"; };
		9198BF0F157AEB25001B74A9 /* BLSplitBillViewController.m */ = {isa = PBXFileReference; fileEncoding = 4; lastKnownFileType = sourcecode.c.objc; name = BLSplitBillViewController.m; path = ViewControllers/BLSplitBillViewController.m; sourceTree = "<group>"; };
		9198BF10157AEB25001B74A9 /* BLSplitCountViewController.h */ = {isa = PBXFileReference; fileEncoding = 4; lastKnownFileType = sourcecode.c.h; name = BLSplitCountViewController.h; path = ViewControllers/BLSplitCountViewController.h; sourceTree = "<group>"; };
		9198BF11157AEB25001B74A9 /* BLSplitCountViewController.m */ = {isa = PBXFileReference; fileEncoding = 4; lastKnownFileType = sourcecode.c.objc; name = BLSplitCountViewController.m; path = ViewControllers/BLSplitCountViewController.m; sourceTree = "<group>"; };
		9198BF19157AEB34001B74A9 /* BLSplitBillViewController.xib */ = {isa = PBXFileReference; fileEncoding = 4; lastKnownFileType = file.xib; name = BLSplitBillViewController.xib; path = NIBs/BLSplitBillViewController.xib; sourceTree = "<group>"; };
		91A66BAC16D7F92A00BD4E93 /* BLLineItem.h */ = {isa = PBXFileReference; fileEncoding = 4; lastKnownFileType = sourcecode.c.h; name = BLLineItem.h; path = CustomUI/BLLineItem.h; sourceTree = "<group>"; };
		91A66BAD16D7F92A00BD4E93 /* BLLineItem.m */ = {isa = PBXFileReference; fileEncoding = 4; lastKnownFileType = sourcecode.c.objc; name = BLLineItem.m; path = CustomUI/BLLineItem.m; sourceTree = "<group>"; };
		91A66BAF16D8038900BD4E93 /* BLSplitAdjuster.h */ = {isa = PBXFileReference; fileEncoding = 4; lastKnownFileType = sourcecode.c.h; name = BLSplitAdjuster.h; path = CustomUI/BLSplitAdjuster.h; sourceTree = "<group>"; };
		91A66BB016D8038900BD4E93 /* BLSplitAdjuster.m */ = {isa = PBXFileReference; fileEncoding = 4; lastKnownFileType = sourcecode.c.objc; name = BLSplitAdjuster.m; path = CustomUI/BLSplitAdjuster.m; sourceTree = "<group>"; };
		91A66BB216D817AF00BD4E93 /* BLPaddedLabel.h */ = {isa = PBXFileReference; fileEncoding = 4; lastKnownFileType = sourcecode.c.h; name = BLPaddedLabel.h; path = CustomUI/BLPaddedLabel.h; sourceTree = "<group>"; };
		91A66BB316D817AF00BD4E93 /* BLPaddedLabel.m */ = {isa = PBXFileReference; fileEncoding = 4; lastKnownFileType = sourcecode.c.objc; name = BLPaddedLabel.m; path = CustomUI/BLPaddedLabel.m; sourceTree = "<group>"; };
		91A66BB516DBC2C700BD4E93 /* BLSplitAdjusterPerson.h */ = {isa = PBXFileReference; fileEncoding = 4; lastKnownFileType = sourcecode.c.h; name = BLSplitAdjusterPerson.h; path = CustomUI/BLSplitAdjusterPerson.h; sourceTree = "<group>"; };
		91A66BB616DBC2C700BD4E93 /* BLSplitAdjusterPerson.m */ = {isa = PBXFileReference; fileEncoding = 4; lastKnownFileType = sourcecode.c.objc; name = BLSplitAdjusterPerson.m; path = CustomUI/BLSplitAdjusterPerson.m; sourceTree = "<group>"; };
		91AAE66B158E54BF00C609C4 /* BLSummaryViewController.h */ = {isa = PBXFileReference; fileEncoding = 4; lastKnownFileType = sourcecode.c.h; name = BLSummaryViewController.h; path = ViewControllers/BLSummaryViewController.h; sourceTree = "<group>"; };
		91AAE66C158E54BF00C609C4 /* BLSummaryViewController.m */ = {isa = PBXFileReference; fileEncoding = 4; lastKnownFileType = sourcecode.c.objc; name = BLSummaryViewController.m; path = ViewControllers/BLSummaryViewController.m; sourceTree = "<group>"; };
		91AAE670158E551F00C609C4 /* BLSummaryViewController.xib */ = {isa = PBXFileReference; fileEncoding = 4; lastKnownFileType = file.xib; name = BLSummaryViewController.xib; path = NIBs/BLSummaryViewController.xib; sourceTree = "<group>"; };
		91B9CC521576C3ED00AAEDC0 /* billy.app */ = {isa = PBXFileReference; explicitFileType = wrapper.application; includeInIndex = 0; path = billy.app; sourceTree = BUILT_PRODUCTS_DIR; };
		91B9CC561576C3ED00AAEDC0 /* UIKit.framework */ = {isa = PBXFileReference; lastKnownFileType = wrapper.framework; name = UIKit.framework; path = System/Library/Frameworks/UIKit.framework; sourceTree = SDKROOT; };
		91B9CC581576C3ED00AAEDC0 /* Foundation.framework */ = {isa = PBXFileReference; lastKnownFileType = wrapper.framework; name = Foundation.framework; path = System/Library/Frameworks/Foundation.framework; sourceTree = SDKROOT; };
		91B9CC5A1576C3ED00AAEDC0 /* CoreGraphics.framework */ = {isa = PBXFileReference; lastKnownFileType = wrapper.framework; name = CoreGraphics.framework; path = System/Library/Frameworks/CoreGraphics.framework; sourceTree = SDKROOT; };
		91B9CC7D1576C5D200AAEDC0 /* billy-Info.plist */ = {isa = PBXFileReference; fileEncoding = 4; lastKnownFileType = text.plist.xml; name = "billy-Info.plist"; path = "Support/billy-Info.plist"; sourceTree = SOURCE_ROOT; };
		91B9CC7E1576C5D200AAEDC0 /* billy-Prefix.pch */ = {isa = PBXFileReference; fileEncoding = 4; lastKnownFileType = sourcecode.c.h; name = "billy-Prefix.pch"; path = "Support/billy-Prefix.pch"; sourceTree = SOURCE_ROOT; };
		91B9CC7F1576C5D200AAEDC0 /* main.m */ = {isa = PBXFileReference; fileEncoding = 4; lastKnownFileType = sourcecode.c.objc; name = main.m; path = Support/main.m; sourceTree = SOURCE_ROOT; };
		91B9CC881576C62900AAEDC0 /* InfoPlist.strings */ = {isa = PBXFileReference; fileEncoding = 4; lastKnownFileType = text.plist.strings; name = InfoPlist.strings; path = Support/InfoPlist.strings; sourceTree = SOURCE_ROOT; };
		91B9CC941576D22100AAEDC0 /* BLSplitCountViewController.xib */ = {isa = PBXFileReference; fileEncoding = 4; lastKnownFileType = file.xib; name = BLSplitCountViewController.xib; path = NIBs/BLSplitCountViewController.xib; sourceTree = "<group>"; };
		91B9CC9D1576E4A900AAEDC0 /* libTestFlight.a */ = {isa = PBXFileReference; lastKnownFileType = archive.ar; path = libTestFlight.a; sourceTree = "<group>"; };
		91B9CC9E1576E4A900AAEDC0 /* TestFlight.h */ = {isa = PBXFileReference; fileEncoding = 4; lastKnownFileType = sourcecode.c.h; path = TestFlight.h; sourceTree = "<group>"; };
		91B9CCA01576E53700AAEDC0 /* libz.dylib */ = {isa = PBXFileReference; lastKnownFileType = "compiled.mach-o.dylib"; name = libz.dylib; path = usr/lib/libz.dylib; sourceTree = SDKROOT; };
		91B9CCB11577D10B00AAEDC0 /* BLCameraViewController.xib */ = {isa = PBXFileReference; fileEncoding = 4; lastKnownFileType = file.xib; name = BLCameraViewController.xib; path = NIBs/BLCameraViewController.xib; sourceTree = "<group>"; };
		91B9CCC41577D72500AAEDC0 /* Icon-72.png */ = {isa = PBXFileReference; lastKnownFileType = image.png; path = "Icon-72.png"; sourceTree = SOURCE_ROOT; };
		91B9CCC51577D72500AAEDC0 /* Icon-72@2x.png */ = {isa = PBXFileReference; lastKnownFileType = image.png; path = "Icon-72@2x.png"; sourceTree = SOURCE_ROOT; };
		91B9CCC61577D72500AAEDC0 /* Icon.png */ = {isa = PBXFileReference; lastKnownFileType = image.png; path = Icon.png; sourceTree = SOURCE_ROOT; };
		91B9CCC71577D72500AAEDC0 /* Icon@2x.png */ = {isa = PBXFileReference; lastKnownFileType = image.png; path = "Icon@2x.png"; sourceTree = SOURCE_ROOT; };
		91CAC83D157E6704001B500F /* BLAppDelegate.h */ = {isa = PBXFileReference; fileEncoding = 4; lastKnownFileType = sourcecode.c.h; name = BLAppDelegate.h; path = OtherClasses/BLAppDelegate.h; sourceTree = "<group>"; };
		91CAC83E157E6704001B500F /* BLAppDelegate.m */ = {isa = PBXFileReference; fileEncoding = 4; lastKnownFileType = sourcecode.c.objc; name = BLAppDelegate.m; path = OtherClasses/BLAppDelegate.m; sourceTree = "<group>"; };
		91D0953A1595310C00E22EEC /* Default.png */ = {isa = PBXFileReference; lastKnownFileType = image.png; path = Default.png; sourceTree = SOURCE_ROOT; };
		91D0953B1595310C00E22EEC /* Default@2x.png */ = {isa = PBXFileReference; lastKnownFileType = image.png; path = "Default@2x.png"; sourceTree = SOURCE_ROOT; };
		91DF3450171C463000EFD376 /* BLSummaryView.h */ = {isa = PBXFileReference; fileEncoding = 4; lastKnownFileType = sourcecode.c.h; name = BLSummaryView.h; path = CustomUI/BLSummaryView.h; sourceTree = "<group>"; };
		91DF3451171C463000EFD376 /* BLSummaryView.m */ = {isa = PBXFileReference; fileEncoding = 4; lastKnownFileType = sourcecode.c.objc; name = BLSummaryView.m; path = CustomUI/BLSummaryView.m; sourceTree = "<group>"; };
		91DF3453171C468B00EFD376 /* BLView.h */ = {isa = PBXFileReference; fileEncoding = 4; lastKnownFileType = sourcecode.c.h; name = BLView.h; path = CustomUI/BLView.h; sourceTree = "<group>"; };
		91DF3454171C468B00EFD376 /* BLView.m */ = {isa = PBXFileReference; fileEncoding = 4; lastKnownFileType = sourcecode.c.objc; name = BLView.m; path = CustomUI/BLView.m; sourceTree = "<group>"; };
		91E62CEA15C7120F00E3AD5D /* AddCreatedAtForBill.xcdatamodel */ = {isa = PBXFileReference; lastKnownFileType = wrapper.xcdatamodel; path = AddCreatedAtForBill.xcdatamodel; sourceTree = "<group>"; };
		91E62D1015CC546C00E3AD5D /* cameraFocus.png */ = {isa = PBXFileReference; lastKnownFileType = image.png; path = cameraFocus.png; sourceTree = "<group>"; };
		91E62D1115CC546C00E3AD5D /* cameraFocus@2x.png */ = {isa = PBXFileReference; lastKnownFileType = image.png; path = "cameraFocus@2x.png"; sourceTree = "<group>"; };
		91E62D1815CC7F2B00E3AD5D /* UIViewController+ButtonManagement.h */ = {isa = PBXFileReference; fileEncoding = 4; lastKnownFileType = sourcecode.c.h; name = "UIViewController+ButtonManagement.h"; path = "OtherClasses/UIViewController+ButtonManagement.h"; sourceTree = "<group>"; };
		91E62D1915CC7F2B00E3AD5D /* UIViewController+ButtonManagement.m */ = {isa = PBXFileReference; fileEncoding = 4; lastKnownFileType = sourcecode.c.objc; name = "UIViewController+ButtonManagement.m"; path = "OtherClasses/UIViewController+ButtonManagement.m"; sourceTree = "<group>"; };
		91EB2BB91586E4B9007FD18B /* BLTaxTipViewController.h */ = {isa = PBXFileReference; fileEncoding = 4; lastKnownFileType = sourcecode.c.h; name = BLTaxTipViewController.h; path = ViewControllers/BLTaxTipViewController.h; sourceTree = "<group>"; };
		91EB2BBA1586E4B9007FD18B /* BLTaxTipViewController.m */ = {isa = PBXFileReference; fileEncoding = 4; lastKnownFileType = sourcecode.c.objc; name = BLTaxTipViewController.m; path = ViewControllers/BLTaxTipViewController.m; sourceTree = "<group>"; };
		91EB2BBF1586E56F007FD18B /* BLTaxTipViewController.xib */ = {isa = PBXFileReference; fileEncoding = 4; lastKnownFileType = file.xib; name = BLTaxTipViewController.xib; path = NIBs/BLTaxTipViewController.xib; sourceTree = "<group>"; };
		91EC8CD2157722B0000E7DE8 /* BLNamesViewController.xib */ = {isa = PBXFileReference; fileEncoding = 4; lastKnownFileType = file.xib; name = BLNamesViewController.xib; path = NIBs/BLNamesViewController.xib; sourceTree = "<group>"; };
		91EE1D6817344016002D2B5A /* navButtonRestart.png */ = {isa = PBXFileReference; lastKnownFileType = image.png; path = navButtonRestart.png; sourceTree = "<group>"; };
		91EE1D6917344016002D2B5A /* navButtonRestart@2x.png */ = {isa = PBXFileReference; lastKnownFileType = image.png; path = "navButtonRestart@2x.png"; sourceTree = "<group>"; };
		91EE1D6C173440A8002D2B5A /* BLPersonSummaryView.h */ = {isa = PBXFileReference; fileEncoding = 4; lastKnownFileType = sourcecode.c.h; name = BLPersonSummaryView.h; path = CustomUI/BLPersonSummaryView.h; sourceTree = "<group>"; };
		91EE1D6D173440A8002D2B5A /* BLPersonSummaryView.m */ = {isa = PBXFileReference; fileEncoding = 4; lastKnownFileType = sourcecode.c.objc; name = BLPersonSummaryView.m; path = CustomUI/BLPersonSummaryView.m; sourceTree = "<group>"; };
		91EE1D6F173452C1002D2B5A /* BLPersonBreakdownView.h */ = {isa = PBXFileReference; fileEncoding = 4; lastKnownFileType = sourcecode.c.h; name = BLPersonBreakdownView.h; path = CustomUI/BLPersonBreakdownView.h; sourceTree = "<group>"; };
		91EE1D70173452C1002D2B5A /* BLPersonBreakdownView.m */ = {isa = PBXFileReference; fileEncoding = 4; lastKnownFileType = sourcecode.c.objc; name = BLPersonBreakdownView.m; path = CustomUI/BLPersonBreakdownView.m; sourceTree = "<group>"; };
		91F1B7EF1685132C00E81E5E /* BLEditableLineItem.h */ = {isa = PBXFileReference; fileEncoding = 4; lastKnownFileType = sourcecode.c.h; name = BLEditableLineItem.h; path = CustomUI/BLEditableLineItem.h; sourceTree = "<group>"; };
		91F1B7F01685132C00E81E5E /* BLEditableLineItem.m */ = {isa = PBXFileReference; fileEncoding = 4; lastKnownFileType = sourcecode.c.objc; name = BLEditableLineItem.m; path = CustomUI/BLEditableLineItem.m; sourceTree = "<group>"; };
/* End PBXFileReference section */

/* Begin PBXFrameworksBuildPhase section */
		9182242415F90A5A00A6CDCF /* Frameworks */ = {
			isa = PBXFrameworksBuildPhase;
			buildActionMask = 2147483647;
			files = (
				9182242815F90A5A00A6CDCF /* Foundation.framework in Frameworks */,
			);
			runOnlyForDeploymentPostprocessing = 0;
		};
		91B9CC4F1576C3ED00AAEDC0 /* Frameworks */ = {
			isa = PBXFrameworksBuildPhase;
			buildActionMask = 2147483647;
			files = (
				9182246215F94C5A00A6CDCF /* MobileCoreServices.framework in Frameworks */,
				9182246015F94C4400A6CDCF /* SystemConfiguration.framework in Frameworks */,
				9182245E15F94BFB00A6CDCF /* CFNetwork.framework in Frameworks */,
				9155238415B07D4700F2F539 /* CoreData.framework in Frameworks */,
				9148ADFF157926DF00985CA0 /* CoreMedia.framework in Frameworks */,
				9148ADFD157925ED00985CA0 /* ImageIO.framework in Frameworks */,
				9148ADF915791D1400985CA0 /* OpenGLES.framework in Frameworks */,
				9148ADE7157800D600985CA0 /* QuartzCore.framework in Frameworks */,
				9148ADDA1577DDBF00985CA0 /* AVFoundation.framework in Frameworks */,
				91B9CC571576C3ED00AAEDC0 /* UIKit.framework in Frameworks */,
				91B9CC591576C3ED00AAEDC0 /* Foundation.framework in Frameworks */,
				91B9CC5B1576C3ED00AAEDC0 /* CoreGraphics.framework in Frameworks */,
				91B9CC9F1576E4A900AAEDC0 /* libTestFlight.a in Frameworks */,
				91B9CCA11576E53700AAEDC0 /* libz.dylib in Frameworks */,
				9148ADF41579145300985CA0 /* libtesseract_full.a in Frameworks */,
				9182243415F90A7400A6CDCF /* libASIHTTPRequest.a in Frameworks */,
			);
			runOnlyForDeploymentPostprocessing = 0;
		};
/* End PBXFrameworksBuildPhase section */

/* Begin PBXGroup section */
		910945E5164ACCD600CBD8E2 /* Navigation Buttons */ = {
			isa = PBXGroup;
			children = (
				916E7077163B3F5C0082ECD1 /* navButtonBack.png */,
				916E7078163B3F5C0082ECD1 /* navButtonBack@2x.png */,
				916E7068163B349D0082ECD1 /* navButtonCamera.png */,
				916E7069163B349D0082ECD1 /* navButtonCamera@2x.png */,
				916E706A163B349D0082ECD1 /* navButtonCheck.png */,
				916E706B163B349D0082ECD1 /* navButtonCheck@2x.png */,
				916E706C163B349D0082ECD1 /* navButtonPlus.png */,
				916E706D163B349D0082ECD1 /* navButtonPlus@2x.png */,
				91EE1D6817344016002D2B5A /* navButtonRestart.png */,
				91EE1D6917344016002D2B5A /* navButtonRestart@2x.png */,
				913F91D51649B4AB0057A3A5 /* navButtonSkip.png */,
				913F91D61649B4AB0057A3A5 /* navButtonSkip@2x.png */,
			);
			name = "Navigation Buttons";
			sourceTree = "<group>";
		};
		910945E6164ACEBD00CBD8E2 /* Camera, Cropping, etc. */ = {
			isa = PBXGroup;
			children = (
				9167C82E15CC8EE800E25A2F /* cameraFlashAuto.png */,
				9167C82F15CC8EE800E25A2F /* cameraFlashAuto@2x.png */,
				9167C83015CC8EE800E25A2F /* cameraFlashOff.png */,
				9167C83115CC8EE800E25A2F /* cameraFlashOff@2x.png */,
				9167C83215CC8EE800E25A2F /* cameraFlashOn.png */,
				9167C83315CC8EE800E25A2F /* cameraFlashOn@2x.png */,
				91E62D1015CC546C00E3AD5D /* cameraFocus.png */,
				91E62D1115CC546C00E3AD5D /* cameraFocus@2x.png */,
				913F91D01649AED40057A3A5 /* cameraPreviewFrame.png */,
				913F91D11649AED40057A3A5 /* cameraPreviewFrame@2x.png */,
				9148ADE21577FD6B00985CA0 /* cropDot.png */,
				9148ADE31577FD6B00985CA0 /* cropDot@2x.png */,
			);
			name = "Camera, Cropping, etc.";
			sourceTree = "<group>";
		};
		910945E7164AD03F00CBD8E2 /* Application Chrome */ = {
			isa = PBXGroup;
			children = (
				9194586B161805F100E0B710 /* billBackground.png */,
				9194586C161805F100E0B710 /* billBackground@2x.png */,
				9194586F1618087000E0B710 /* bottomBorder.png */,
				919458701618087000E0B710 /* bottomBorder@2x.png */,
				9194585D1617E54800E0B710 /* navigationBar.png */,
				9194585E1617E54800E0B710 /* navigationBar@2x.png */,
				913F91D91649BF6C0057A3A5 /* tearBottom.png */,
				913F91DA1649BF6C0057A3A5 /* tearBottom@2x.png */,
				913F91DB1649BF6D0057A3A5 /* tearTop.png */,
				913F91DC1649BF6D0057A3A5 /* tearTop@2x.png */,
				919458641617E7C200E0B710 /* viewBackground.png */,
				919458651617E7C200E0B710 /* viewBackground@2x.png */,
			);
			name = "Application Chrome";
			sourceTree = "<group>";
		};
		910945E8164AD2EB00CBD8E2 /* Buttons */ = {
			isa = PBXGroup;
			children = (
				916E705F163B2A6B0082ECD1 /* buttonAdd.png */,
				916E7060163B2A6B0082ECD1 /* buttonAdd@2x.png */,
				916E7061163B2A6B0082ECD1 /* buttonSubtract.png */,
				916E7062163B2A6B0082ECD1 /* buttonSubtrct@2x.png */,
			);
			name = Buttons;
			sourceTree = "<group>";
		};
		9118411716A0B062005CC388 /* Fix Items List */ = {
			isa = PBXGroup;
			children = (
				9118411916A0B086005CC388 /* deleteXGrey.png */,
				9118411A16A0B086005CC388 /* deleteXGrey@2x.png */,
				9118411B16A0B086005CC388 /* deleteXRed.png */,
				9118411C16A0B086005CC388 /* deleteXRed@2x.png */,
			);
			name = "Fix Items List";
			sourceTree = "<group>";
		};
		913F91E2164ACB4A0057A3A5 /* Apple Requirements */ = {
			isa = PBXGroup;
			children = (
				91D0953A1595310C00E22EEC /* Default.png */,
				91D0953B1595310C00E22EEC /* Default@2x.png */,
				91615810161609C50031FE6B /* Default-568h@2x.png */,
				91B9CCC41577D72500AAEDC0 /* Icon-72.png */,
				91B9CCC51577D72500AAEDC0 /* Icon-72@2x.png */,
				91B9CCC61577D72500AAEDC0 /* Icon.png */,
				91B9CCC71577D72500AAEDC0 /* Icon@2x.png */,
				910945FC1657100F00CBD8E2 /* iTunesArtwork.png */,
				910945FD1657100F00CBD8E2 /* iTunesArtwork@2x.png */,
			);
			name = "Apple Requirements";
			sourceTree = "<group>";
		};
		9148ADF21579145300985CA0 /* Tesseract */ = {
			isa = PBXGroup;
			children = (
				9148ADF31579145300985CA0 /* libtesseract_full.a */,
				9148ADF715791A0100985CA0 /* Tesseract.h */,
			);
			name = Tesseract;
			path = Frameworks/Tesseract;
			sourceTree = "<group>";
		};
		9148AE071579471600985CA0 /* Custom UI */ = {
			isa = PBXGroup;
			children = (
				91F1B7EF1685132C00E81E5E /* BLEditableLineItem.h */,
				91F1B7F01685132C00E81E5E /* BLEditableLineItem.m */,
				91A66BAC16D7F92A00BD4E93 /* BLLineItem.h */,
				91A66BAD16D7F92A00BD4E93 /* BLLineItem.m */,
				919458681618014400E0B710 /* BLMainView.h */,
				919458691618014400E0B710 /* BLMainView.m */,
				91A66BB216D817AF00BD4E93 /* BLPaddedLabel.h */,
				91A66BB316D817AF00BD4E93 /* BLPaddedLabel.m */,
				910945F1164D807000CBD8E2 /* BLPaddedTextField.h */,
				910945F2164D807000CBD8E2 /* BLPaddedTextField.m */,
				9119424E17297B03001268BA /* BLPercentPicker.h */,
				9119424F17297B03001268BA /* BLPercentPicker.m */,
				91EE1D6F173452C1002D2B5A /* BLPersonBreakdownView.h */,
				91EE1D70173452C1002D2B5A /* BLPersonBreakdownView.m */,
				91EE1D6C173440A8002D2B5A /* BLPersonSummaryView.h */,
				91EE1D6D173440A8002D2B5A /* BLPersonSummaryView.m */,
				916E7074163B3A1D0082ECD1 /* BLProgressButton.h */,
				916E7075163B3A1D0082ECD1 /* BLProgressButton.m */,
				91A66BAF16D8038900BD4E93 /* BLSplitAdjuster.h */,
				91A66BB016D8038900BD4E93 /* BLSplitAdjuster.m */,
				91A66BB516DBC2C700BD4E93 /* BLSplitAdjusterPerson.h */,
				91A66BB616DBC2C700BD4E93 /* BLSplitAdjusterPerson.m */,
				91DF3450171C463000EFD376 /* BLSummaryView.h */,
				91DF3451171C463000EFD376 /* BLSummaryView.m */,
				9148AE081579473700985CA0 /* BLTextField.h */,
				9148AE091579473700985CA0 /* BLTextField.m */,
				910945ED164C362600CBD8E2 /* BLScrollView.h */,
				910945EE164C362600CBD8E2 /* BLScrollView.m */,
				91DF3453171C468B00EFD376 /* BLView.h */,
				91DF3454171C468B00EFD376 /* BLView.m */,
			);
			name = "Custom UI";
			sourceTree = "<group>";
		};
		9155239115B091FC00F2F539 /* Core Data */ = {
			isa = PBXGroup;
			children = (
				9155239B15B0949500F2F539 /* Assignment.h */,
				9155239C15B0949500F2F539 /* Assignment.m */,
				9155239815B0949500F2F539 /* Person.h */,
				9155239915B0949500F2F539 /* Person.m */,
				9155239515B0949500F2F539 /* Bill.h */,
				9155239615B0949500F2F539 /* Bill.m */,
				9155239215B0949500F2F539 /* LineItem.h */,
				9155239315B0949500F2F539 /* LineItem.m */,
				9155237F15B07A8C00F2F539 /* billy.xcdatamodeld */,
			);
			name = "Core Data";
			sourceTree = "<group>";
		};
		9182243515F90A9300A6CDCF /* ASIHTTPRequest */ = {
			isa = PBXGroup;
			children = (
				9182245315F91B9200A6CDCF /* Reachability */,
				9182245215F91AF000A6CDCF /* ASIHTTPRequest-Prefix.pch */,
				9182243615F90AF200A6CDCF /* ASIAuthenticationDialog.h */,
				9182243715F90AF200A6CDCF /* ASIAuthenticationDialog.m */,
				9182243815F90AF200A6CDCF /* ASICacheDelegate.h */,
				9182243915F90AF200A6CDCF /* ASIDataCompressor.h */,
				9182243A15F90AF200A6CDCF /* ASIDataCompressor.m */,
				9182243B15F90AF200A6CDCF /* ASIDataDecompressor.h */,
				9182243C15F90AF200A6CDCF /* ASIDataDecompressor.m */,
				9182243D15F90AF200A6CDCF /* ASIDownloadCache.h */,
				9182243E15F90AF200A6CDCF /* ASIDownloadCache.m */,
				9182243F15F90AF200A6CDCF /* ASIFormDataRequest.h */,
				9182244015F90AF200A6CDCF /* ASIFormDataRequest.m */,
				9182244115F90AF200A6CDCF /* ASIHTTPRequest.h */,
				9182244215F90AF200A6CDCF /* ASIHTTPRequest.m */,
				9182244315F90AF200A6CDCF /* ASIHTTPRequestConfig.h */,
				9182244415F90AF200A6CDCF /* ASIHTTPRequestDelegate.h */,
				9182244515F90AF200A6CDCF /* ASIInputStream.h */,
				9182244615F90AF200A6CDCF /* ASIInputStream.m */,
				9182244715F90AF200A6CDCF /* ASINetworkQueue.h */,
				9182244815F90AF200A6CDCF /* ASINetworkQueue.m */,
				9182244915F90AF200A6CDCF /* ASIProgressDelegate.h */,
			);
			name = ASIHTTPRequest;
			sourceTree = "<group>";
		};
		9182245315F91B9200A6CDCF /* Reachability */ = {
			isa = PBXGroup;
			children = (
				9182245415F91B9200A6CDCF /* Reachability.h */,
				9182245515F91B9200A6CDCF /* Reachability.m */,
			);
			name = Reachability;
			path = Frameworks/ASIHTTPRequest/Reachability;
			sourceTree = "<group>";
		};
		91B9CC471576C3ED00AAEDC0 = {
			isa = PBXGroup;
			children = (
				91B9CC731576C4EC00AAEDC0 /* View Controllers */,
				91B9CC7A1576C53600AAEDC0 /* NIBs */,
				9148AE071579471600985CA0 /* Custom UI */,
				91CAC83B157E66D4001B500F /* Other Classes */,
				9155239115B091FC00F2F539 /* Core Data */,
				91B9CC5D1576C3ED00AAEDC0 /* Supporting Files */,
				91B9CCB31577D50800AAEDC0 /* Images */,
				91B9CC551576C3ED00AAEDC0 /* Frameworks */,
				91B9CC531576C3ED00AAEDC0 /* Products */,
			);
			sourceTree = "<group>";
		};
		91B9CC531576C3ED00AAEDC0 /* Products */ = {
			isa = PBXGroup;
			children = (
				91B9CC521576C3ED00AAEDC0 /* billy.app */,
				9182242715F90A5A00A6CDCF /* libASIHTTPRequest.a */,
			);
			name = Products;
			sourceTree = "<group>";
		};
		91B9CC551576C3ED00AAEDC0 /* Frameworks */ = {
			isa = PBXGroup;
			children = (
				9182243515F90A9300A6CDCF /* ASIHTTPRequest */,
				91B9CCA01576E53700AAEDC0 /* libz.dylib */,
				91B9CC9C1576E4A900AAEDC0 /* TestFlight */,
				9148ADF21579145300985CA0 /* Tesseract */,
				9155238315B07D4700F2F539 /* CoreData.framework */,
				9148ADE6157800D600985CA0 /* QuartzCore.framework */,
				9148ADD91577DDBF00985CA0 /* AVFoundation.framework */,
				91B9CC561576C3ED00AAEDC0 /* UIKit.framework */,
				91B9CC581576C3ED00AAEDC0 /* Foundation.framework */,
				91B9CC5A1576C3ED00AAEDC0 /* CoreGraphics.framework */,
				9148ADF815791D1400985CA0 /* OpenGLES.framework */,
				9148ADFC157925ED00985CA0 /* ImageIO.framework */,
				9148ADFE157926DF00985CA0 /* CoreMedia.framework */,
				9182245D15F94BFB00A6CDCF /* CFNetwork.framework */,
				9182245F15F94C4400A6CDCF /* SystemConfiguration.framework */,
				9182246115F94C5A00A6CDCF /* MobileCoreServices.framework */,
			);
			name = Frameworks;
			sourceTree = "<group>";
		};
		91B9CC5D1576C3ED00AAEDC0 /* Supporting Files */ = {
			isa = PBXGroup;
			children = (
				9148ADF0157913FA00985CA0 /* tessdata */,
				91B9CC881576C62900AAEDC0 /* InfoPlist.strings */,
				91B9CC7D1576C5D200AAEDC0 /* billy-Info.plist */,
				91B9CC7E1576C5D200AAEDC0 /* billy-Prefix.pch */,
				91B9CC7F1576C5D200AAEDC0 /* main.m */,
			);
			name = "Supporting Files";
			path = billy;
			sourceTree = "<group>";
		};
		91B9CC731576C4EC00AAEDC0 /* View Controllers */ = {
			isa = PBXGroup;
			children = (
				9198BF06157AEB25001B74A9 /* BLCameraViewController.h */,
				9198BF07157AEB25001B74A9 /* BLCameraViewController.m */,
				9198BF08157AEB25001B74A9 /* BLCropViewController.h */,
				9198BF09157AEB25001B74A9 /* BLCropViewController.m */,
				9198BF0A157AEB25001B74A9 /* BLFixItemsViewController.h */,
				9198BF0B157AEB25001B74A9 /* BLFixItemsViewController.m */,
				9198BF0C157AEB25001B74A9 /* BLNamesViewController.h */,
				9198BF0D157AEB25001B74A9 /* BLNamesViewController.m */,
				9198BF0E157AEB25001B74A9 /* BLSplitBillViewController.h */,
				9198BF0F157AEB25001B74A9 /* BLSplitBillViewController.m */,
				9198BF10157AEB25001B74A9 /* BLSplitCountViewController.h */,
				9198BF11157AEB25001B74A9 /* BLSplitCountViewController.m */,
				91AAE66B158E54BF00C609C4 /* BLSummaryViewController.h */,
				91AAE66C158E54BF00C609C4 /* BLSummaryViewController.m */,
				91EB2BB91586E4B9007FD18B /* BLTaxTipViewController.h */,
				91EB2BBA1586E4B9007FD18B /* BLTaxTipViewController.m */,
				919458611617E56300E0B710 /* BLViewController.h */,
				919458621617E56300E0B710 /* BLViewController.m */,
			);
			name = "View Controllers";
			sourceTree = "<group>";
		};
		91B9CC7A1576C53600AAEDC0 /* NIBs */ = {
			isa = PBXGroup;
			children = (
				91B9CCB11577D10B00AAEDC0 /* BLCameraViewController.xib */,
				9148ADE01577E6F600985CA0 /* BLCropViewController.xib */,
				9148AE0515792E9700985CA0 /* BLFixItemsViewController.xib */,
				91EC8CD2157722B0000E7DE8 /* BLNamesViewController.xib */,
				9198BF19157AEB34001B74A9 /* BLSplitBillViewController.xib */,
				91B9CC941576D22100AAEDC0 /* BLSplitCountViewController.xib */,
				91AAE670158E551F00C609C4 /* BLSummaryViewController.xib */,
				91EB2BBF1586E56F007FD18B /* BLTaxTipViewController.xib */,
			);
			name = NIBs;
			sourceTree = "<group>";
		};
		91B9CC9C1576E4A900AAEDC0 /* TestFlight */ = {
			isa = PBXGroup;
			children = (
				91B9CC9D1576E4A900AAEDC0 /* libTestFlight.a */,
				91B9CC9E1576E4A900AAEDC0 /* TestFlight.h */,
			);
			name = TestFlight;
			path = Frameworks/TestFlight;
			sourceTree = "<group>";
		};
		91B9CCB31577D50800AAEDC0 /* Images */ = {
			isa = PBXGroup;
			children = (
				913F91E2164ACB4A0057A3A5 /* Apple Requirements */,
				910945E7164AD03F00CBD8E2 /* Application Chrome */,
				910945E6164ACEBD00CBD8E2 /* Camera, Cropping, etc. */,
				9118411716A0B062005CC388 /* Fix Items List */,
				910945E8164AD2EB00CBD8E2 /* Buttons */,
				910945E5164ACCD600CBD8E2 /* Navigation Buttons */,
			);
			path = Images;
			sourceTree = "<group>";
		};
		91CAC83B157E66D4001B500F /* Other Classes */ = {
			isa = PBXGroup;
			children = (
				91CAC83D157E6704001B500F /* BLAppDelegate.h */,
				91CAC83E157E6704001B500F /* BLAppDelegate.m */,
				910945F4164D925500CBD8E2 /* BLFeedback.h */,
				910945F5164D925500CBD8E2 /* BLFeedback.m */,
				91E62D1815CC7F2B00E3AD5D /* UIViewController+ButtonManagement.h */,
				91E62D1915CC7F2B00E3AD5D /* UIViewController+ButtonManagement.m */,
			);
			name = "Other Classes";
			sourceTree = "<group>";
		};
/* End PBXGroup section */

/* Begin PBXNativeTarget section */
		9182242615F90A5A00A6CDCF /* ASIHTTPRequest */ = {
			isa = PBXNativeTarget;
			buildConfigurationList = 9182243015F90A5A00A6CDCF /* Build configuration list for PBXNativeTarget "ASIHTTPRequest" */;
			buildPhases = (
				9182242315F90A5A00A6CDCF /* Sources */,
				9182242415F90A5A00A6CDCF /* Frameworks */,
				9182242515F90A5A00A6CDCF /* CopyFiles */,
			);
			buildRules = (
			);
			dependencies = (
			);
			name = ASIHTTPRequest;
			productName = ASIHTTPRequest;
			productReference = 9182242715F90A5A00A6CDCF /* libASIHTTPRequest.a */;
			productType = "com.apple.product-type.library.static";
		};
		91B9CC511576C3ED00AAEDC0 /* billy */ = {
			isa = PBXNativeTarget;
			buildConfigurationList = 91B9CC701576C3ED00AAEDC0 /* Build configuration list for PBXNativeTarget "billy" */;
			buildPhases = (
				91B9CC501576C3ED00AAEDC0 /* Resources */,
				91B9CC4E1576C3ED00AAEDC0 /* Sources */,
				91B9CC4F1576C3ED00AAEDC0 /* Frameworks */,
			);
			buildRules = (
			);
			dependencies = (
				9182245C15F91C4900A6CDCF /* PBXTargetDependency */,
			);
			name = billy;
			productName = billy;
			productReference = 91B9CC521576C3ED00AAEDC0 /* billy.app */;
			productType = "com.apple.product-type.application";
		};
/* End PBXNativeTarget section */

/* Begin PBXProject section */
		91B9CC491576C3ED00AAEDC0 /* Project object */ = {
			isa = PBXProject;
			attributes = {
				CLASSPREFIX = BL;
				LastUpgradeCheck = 0460;
				ORGANIZATIONNAME = Eastmedia;
			};
			buildConfigurationList = 91B9CC4C1576C3ED00AAEDC0 /* Build configuration list for PBXProject "billy" */;
			compatibilityVersion = "Xcode 3.2";
			developmentRegion = English;
			hasScannedForEncodings = 0;
			knownRegions = (
				en,
			);
			mainGroup = 91B9CC471576C3ED00AAEDC0;
			productRefGroup = 91B9CC531576C3ED00AAEDC0 /* Products */;
			projectDirPath = "";
			projectRoot = "";
			targets = (
				91B9CC511576C3ED00AAEDC0 /* billy */,
				9182242615F90A5A00A6CDCF /* ASIHTTPRequest */,
			);
		};
/* End PBXProject section */

/* Begin PBXResourcesBuildPhase section */
		91B9CC501576C3ED00AAEDC0 /* Resources */ = {
			isa = PBXResourcesBuildPhase;
			buildActionMask = 2147483647;
			files = (
				91B9CC891576C62900AAEDC0 /* InfoPlist.strings in Resources */,
				91B9CC951576D22100AAEDC0 /* BLSplitCountViewController.xib in Resources */,
				91EC8CD3157722B0000E7DE8 /* BLNamesViewController.xib in Resources */,
				91B9CCB21577D10B00AAEDC0 /* BLCameraViewController.xib in Resources */,
				91B9CCCA1577D72500AAEDC0 /* Icon-72.png in Resources */,
				91B9CCCB1577D72500AAEDC0 /* Icon-72@2x.png in Resources */,
				91B9CCCC1577D72500AAEDC0 /* Icon.png in Resources */,
				91B9CCCD1577D72500AAEDC0 /* Icon@2x.png in Resources */,
				9148ADE11577E6F600985CA0 /* BLCropViewController.xib in Resources */,
				9148ADE41577FD6B00985CA0 /* cropDot.png in Resources */,
				9148ADE51577FD6B00985CA0 /* cropDot@2x.png in Resources */,
				9148ADF1157913FA00985CA0 /* tessdata in Resources */,
				9148AE0615792E9700985CA0 /* BLFixItemsViewController.xib in Resources */,
				9198BF1A157AEB34001B74A9 /* BLSplitBillViewController.xib in Resources */,
				91EB2BC01586E56F007FD18B /* BLTaxTipViewController.xib in Resources */,
				91AAE671158E551F00C609C4 /* BLSummaryViewController.xib in Resources */,
				91D0953C1595310C00E22EEC /* Default.png in Resources */,
				91D0953D1595310C00E22EEC /* Default@2x.png in Resources */,
				91E62D1215CC546C00E3AD5D /* cameraFocus.png in Resources */,
				91E62D1315CC546C00E3AD5D /* cameraFocus@2x.png in Resources */,
				9167C83415CC8EE800E25A2F /* cameraFlashAuto.png in Resources */,
				9167C83515CC8EE800E25A2F /* cameraFlashAuto@2x.png in Resources */,
				9167C83615CC8EE800E25A2F /* cameraFlashOff.png in Resources */,
				9167C83715CC8EE800E25A2F /* cameraFlashOff@2x.png in Resources */,
				9167C83815CC8EE800E25A2F /* cameraFlashOn.png in Resources */,
				9167C83915CC8EE800E25A2F /* cameraFlashOn@2x.png in Resources */,
				91615811161609C50031FE6B /* Default-568h@2x.png in Resources */,
				9194585F1617E54800E0B710 /* navigationBar.png in Resources */,
				919458601617E54800E0B710 /* navigationBar@2x.png in Resources */,
				919458661617E7C200E0B710 /* viewBackground.png in Resources */,
				919458671617E7C200E0B710 /* viewBackground@2x.png in Resources */,
				9194586D161805F100E0B710 /* billBackground.png in Resources */,
				9194586E161805F100E0B710 /* billBackground@2x.png in Resources */,
				919458711618087000E0B710 /* bottomBorder.png in Resources */,
				919458721618087000E0B710 /* bottomBorder@2x.png in Resources */,
				916E7063163B2A6B0082ECD1 /* buttonAdd.png in Resources */,
				916E7064163B2A6B0082ECD1 /* buttonAdd@2x.png in Resources */,
				916E7065163B2A6B0082ECD1 /* buttonSubtract.png in Resources */,
				916E7066163B2A6B0082ECD1 /* buttonSubtrct@2x.png in Resources */,
				916E706E163B349D0082ECD1 /* navButtonCamera.png in Resources */,
				916E706F163B349D0082ECD1 /* navButtonCamera@2x.png in Resources */,
				916E7070163B349D0082ECD1 /* navButtonCheck.png in Resources */,
				916E7071163B349D0082ECD1 /* navButtonCheck@2x.png in Resources */,
				916E7072163B349D0082ECD1 /* navButtonPlus.png in Resources */,
				916E7073163B349D0082ECD1 /* navButtonPlus@2x.png in Resources */,
				916E7079163B3F5C0082ECD1 /* navButtonBack.png in Resources */,
				916E707A163B3F5C0082ECD1 /* navButtonBack@2x.png in Resources */,
				913F91D21649AED40057A3A5 /* cameraPreviewFrame.png in Resources */,
				913F91D31649AED40057A3A5 /* cameraPreviewFrame@2x.png in Resources */,
				913F91D71649B4AB0057A3A5 /* navButtonSkip.png in Resources */,
				913F91D81649B4AB0057A3A5 /* navButtonSkip@2x.png in Resources */,
				913F91DD1649BF6D0057A3A5 /* tearBottom.png in Resources */,
				913F91DE1649BF6D0057A3A5 /* tearBottom@2x.png in Resources */,
				913F91DF1649BF6D0057A3A5 /* tearTop.png in Resources */,
				913F91E01649BF6D0057A3A5 /* tearTop@2x.png in Resources */,
				910945FE1657100F00CBD8E2 /* iTunesArtwork.png in Resources */,
				910945FF1657100F00CBD8E2 /* iTunesArtwork@2x.png in Resources */,
				9118411D16A0B086005CC388 /* deleteXGrey.png in Resources */,
				9118411E16A0B086005CC388 /* deleteXGrey@2x.png in Resources */,
				9118411F16A0B086005CC388 /* deleteXRed.png in Resources */,
				9118412016A0B086005CC388 /* deleteXRed@2x.png in Resources */,
				91EE1D6A17344016002D2B5A /* navButtonRestart.png in Resources */,
				91EE1D6B17344016002D2B5A /* navButtonRestart@2x.png in Resources */,
			);
			runOnlyForDeploymentPostprocessing = 0;
		};
/* End PBXResourcesBuildPhase section */

/* Begin PBXSourcesBuildPhase section */
		9182242315F90A5A00A6CDCF /* Sources */ = {
			isa = PBXSourcesBuildPhase;
			buildActionMask = 2147483647;
			files = (
				9182244A15F90AF200A6CDCF /* ASIAuthenticationDialog.m in Sources */,
				9182244B15F90AF200A6CDCF /* ASIDataCompressor.m in Sources */,
				9182244C15F90AF200A6CDCF /* ASIDataDecompressor.m in Sources */,
				9182244D15F90AF200A6CDCF /* ASIDownloadCache.m in Sources */,
				9182244E15F90AF200A6CDCF /* ASIFormDataRequest.m in Sources */,
				9182244F15F90AF200A6CDCF /* ASIHTTPRequest.m in Sources */,
				9182245015F90AF200A6CDCF /* ASIInputStream.m in Sources */,
				9182245115F90AF200A6CDCF /* ASINetworkQueue.m in Sources */,
				9182245615F91B9200A6CDCF /* Reachability.m in Sources */,
			);
			runOnlyForDeploymentPostprocessing = 0;
		};
		91B9CC4E1576C3ED00AAEDC0 /* Sources */ = {
			isa = PBXSourcesBuildPhase;
			buildActionMask = 2147483647;
			files = (
				91B9CC811576C5D200AAEDC0 /* main.m in Sources */,
				9148AE0A1579473700985CA0 /* BLTextField.m in Sources */,
				9198BF13157AEB25001B74A9 /* BLCameraViewController.m in Sources */,
				9198BF14157AEB25001B74A9 /* BLCropViewController.m in Sources */,
				9198BF15157AEB25001B74A9 /* BLFixItemsViewController.m in Sources */,
				9198BF16157AEB25001B74A9 /* BLNamesViewController.m in Sources */,
				9198BF17157AEB25001B74A9 /* BLSplitBillViewController.m in Sources */,
				9198BF18157AEB25001B74A9 /* BLSplitCountViewController.m in Sources */,
				91CAC83F157E6704001B500F /* BLAppDelegate.m in Sources */,
				91EB2BBC1586E4B9007FD18B /* BLTaxTipViewController.m in Sources */,
				91AAE66E158E54BF00C609C4 /* BLSummaryViewController.m in Sources */,
				9155238115B07A8C00F2F539 /* billy.xcdatamodeld in Sources */,
				9155239415B0949500F2F539 /* LineItem.m in Sources */,
				9155239715B0949500F2F539 /* Bill.m in Sources */,
				9155239A15B0949500F2F539 /* Person.m in Sources */,
				9155239D15B0949500F2F539 /* Assignment.m in Sources */,
				91E62D1A15CC7F2B00E3AD5D /* UIViewController+ButtonManagement.m in Sources */,
				919458631617E56300E0B710 /* BLViewController.m in Sources */,
				9194586A1618014400E0B710 /* BLMainView.m in Sources */,
				916E7076163B3A1D0082ECD1 /* BLProgressButton.m in Sources */,
				910945EF164C362600CBD8E2 /* BLScrollView.m in Sources */,
				910945F3164D807000CBD8E2 /* BLPaddedTextField.m in Sources */,
				910945F6164D925500CBD8E2 /* BLFeedback.m in Sources */,
				91F1B7F11685132C00E81E5E /* BLEditableLineItem.m in Sources */,
				91A66BAE16D7F92A00BD4E93 /* BLLineItem.m in Sources */,
				91A66BB116D8038900BD4E93 /* BLSplitAdjuster.m in Sources */,
				91A66BB416D817AF00BD4E93 /* BLPaddedLabel.m in Sources */,
				91A66BB716DBC2C700BD4E93 /* BLSplitAdjusterPerson.m in Sources */,
				91DF3452171C463000EFD376 /* BLSummaryView.m in Sources */,
				91DF3455171C468B00EFD376 /* BLView.m in Sources */,
				9119425017297B03001268BA /* BLPercentPicker.m in Sources */,
				91EE1D6E173440A8002D2B5A /* BLPersonSummaryView.m in Sources */,
				91EE1D71173452C1002D2B5A /* BLPersonBreakdownView.m in Sources */,
			);
			runOnlyForDeploymentPostprocessing = 0;
		};
/* End PBXSourcesBuildPhase section */

/* Begin PBXTargetDependency section */
		9182245C15F91C4900A6CDCF /* PBXTargetDependency */ = {
			isa = PBXTargetDependency;
			target = 9182242615F90A5A00A6CDCF /* ASIHTTPRequest */;
			targetProxy = 9182245B15F91C4900A6CDCF /* PBXContainerItemProxy */;
		};
/* End PBXTargetDependency section */

/* Begin XCBuildConfiguration section */
		9182243115F90A5A00A6CDCF /* Debug */ = {
			isa = XCBuildConfiguration;
			buildSettings = {
				CLANG_CXX_LANGUAGE_STANDARD = "gnu++0x";
				CLANG_ENABLE_OBJC_ARC = NO;
				CLANG_WARN__DUPLICATE_METHOD_MATCH = YES;
				DSTROOT = /tmp/ASIHTTPRequest.dst;
				GCC_INCREASE_PRECOMPILED_HEADER_SHARING = YES;
				GCC_PRECOMPILE_PREFIX_HEADER = YES;
				GCC_PREFIX_HEADER = "Frameworks/ASIHTTPRequest/ASIHTTPRequest-Prefix.pch";
				OTHER_LDFLAGS = "-ObjC";
				PRODUCT_NAME = "$(TARGET_NAME)";
				SKIP_INSTALL = YES;
			};
			name = Debug;
		};
		9182243215F90A5A00A6CDCF /* Release */ = {
			isa = XCBuildConfiguration;
			buildSettings = {
				CLANG_CXX_LANGUAGE_STANDARD = "gnu++0x";
				CLANG_ENABLE_OBJC_ARC = NO;
				CLANG_WARN__DUPLICATE_METHOD_MATCH = YES;
				DSTROOT = /tmp/ASIHTTPRequest.dst;
				GCC_INCREASE_PRECOMPILED_HEADER_SHARING = YES;
				GCC_PRECOMPILE_PREFIX_HEADER = YES;
				GCC_PREFIX_HEADER = "Frameworks/ASIHTTPRequest/ASIHTTPRequest-Prefix.pch";
				OTHER_LDFLAGS = "-ObjC";
				PRODUCT_NAME = "$(TARGET_NAME)";
				SKIP_INSTALL = YES;
			};
			name = Release;
		};
		9182243315F90A5A00A6CDCF /* AdHoc */ = {
			isa = XCBuildConfiguration;
			buildSettings = {
				CLANG_CXX_LANGUAGE_STANDARD = "gnu++0x";
				CLANG_ENABLE_OBJC_ARC = NO;
				CLANG_WARN__DUPLICATE_METHOD_MATCH = YES;
				DSTROOT = /tmp/ASIHTTPRequest.dst;
				GCC_INCREASE_PRECOMPILED_HEADER_SHARING = YES;
				GCC_PRECOMPILE_PREFIX_HEADER = YES;
				GCC_PREFIX_HEADER = "Frameworks/ASIHTTPRequest/ASIHTTPRequest-Prefix.pch";
				OTHER_LDFLAGS = "-ObjC";
				PRODUCT_NAME = "$(TARGET_NAME)";
				SKIP_INSTALL = YES;
			};
			name = AdHoc;
		};
		91B9CC6E1576C3ED00AAEDC0 /* Debug */ = {
			isa = XCBuildConfiguration;
			buildSettings = {
				ALWAYS_SEARCH_USER_PATHS = NO;
				ARCHS = "$(ARCHS_STANDARD_32_BIT)";
				CLANG_ENABLE_OBJC_ARC = YES;
				CLANG_WARN_CONSTANT_CONVERSION = YES;
				CLANG_WARN_ENUM_CONVERSION = YES;
				CLANG_WARN_INT_CONVERSION = YES;
				CLANG_WARN__DUPLICATE_METHOD_MATCH = YES;
				"CODE_SIGN_IDENTITY[sdk=iphoneos*]" = "iPhone Developer";
				COPY_PHASE_STRIP = NO;
				GCC_C_LANGUAGE_STANDARD = gnu99;
				GCC_DYNAMIC_NO_PIC = NO;
				GCC_OPTIMIZATION_LEVEL = 0;
				GCC_PREPROCESSOR_DEFINITIONS = (
					"DEBUG=1",
					"$(inherited)",
				);
				GCC_SYMBOLS_PRIVATE_EXTERN = NO;
				GCC_VERSION = com.apple.compilers.llvm.clang.1_0;
				GCC_WARN_ABOUT_RETURN_TYPE = YES;
				GCC_WARN_UNINITIALIZED_AUTOS = YES;
				GCC_WARN_UNUSED_VARIABLE = YES;
				IPHONEOS_DEPLOYMENT_TARGET = 5.1;
				SDKROOT = iphoneos;
			};
			name = Debug;
		};
		91B9CC6F1576C3ED00AAEDC0 /* Release */ = {
			isa = XCBuildConfiguration;
			buildSettings = {
				ALWAYS_SEARCH_USER_PATHS = NO;
				ARCHS = "$(ARCHS_STANDARD_32_BIT)";
				CLANG_ENABLE_OBJC_ARC = YES;
				CLANG_WARN_CONSTANT_CONVERSION = YES;
				CLANG_WARN_ENUM_CONVERSION = YES;
				CLANG_WARN_INT_CONVERSION = YES;
				CLANG_WARN__DUPLICATE_METHOD_MATCH = YES;
				"CODE_SIGN_IDENTITY[sdk=iphoneos*]" = "iPhone Developer";
				COPY_PHASE_STRIP = YES;
				GCC_C_LANGUAGE_STANDARD = gnu99;
				GCC_VERSION = com.apple.compilers.llvm.clang.1_0;
				GCC_WARN_ABOUT_RETURN_TYPE = YES;
				GCC_WARN_UNINITIALIZED_AUTOS = YES;
				GCC_WARN_UNUSED_VARIABLE = YES;
				IPHONEOS_DEPLOYMENT_TARGET = 5.1;
				OTHER_CFLAGS = "-DNS_BLOCK_ASSERTIONS=1";
				SDKROOT = iphoneos;
				VALIDATE_PRODUCT = YES;
			};
			name = Release;
		};
		91B9CC711576C3ED00AAEDC0 /* Debug */ = {
			isa = XCBuildConfiguration;
			buildSettings = {
				BUNDLE_DISPLAY_NAME = "Billy ∂";
				BUNDLE_IDENTIFIER = com.eastmedia.billy.debug;
				ENABLE_SHORTCUTS = YES;
				GCC_INCREASE_PRECOMPILED_HEADER_SHARING = YES;
				GCC_PRECOMPILE_PREFIX_HEADER = YES;
				GCC_PREFIX_HEADER = "Support/billy-Prefix.pch";
				GCC_VERSION = com.apple.compilers.llvm.clang.1_0;
				GCC_WARN_ABOUT_DEPRECATED_FUNCTIONS = YES;
				INFOPLIST_FILE = "Support/billy-Info.plist";
				LIBRARY_SEARCH_PATHS = (
					"$(inherited)",
					"\"$(SRCROOT)/Frameworks/TestFlight\"",
					"\"$(SRCROOT)/Frameworks/Tesseract\"",
				);
				PRODUCT_NAME = "$(TARGET_NAME)";
				WRAPPER_EXTENSION = app;
			};
			name = Debug;
		};
		91B9CC721576C3ED00AAEDC0 /* Release */ = {
			isa = XCBuildConfiguration;
			buildSettings = {
				BUNDLE_DISPLAY_NAME = Billy;
				BUNDLE_IDENTIFIER = com.eastmedia.billy;
				"CODE_SIGN_IDENTITY[sdk=iphoneos*]" = "iPhone Distribution";
				ENABLE_SHORTCUTS = NO;
				GCC_INCREASE_PRECOMPILED_HEADER_SHARING = YES;
				GCC_PRECOMPILE_PREFIX_HEADER = YES;
				GCC_PREFIX_HEADER = "Support/billy-Prefix.pch";
				GCC_VERSION = com.apple.compilers.llvm.clang.1_0;
				GCC_WARN_ABOUT_DEPRECATED_FUNCTIONS = YES;
				INFOPLIST_FILE = "Support/billy-Info.plist";
				LIBRARY_SEARCH_PATHS = (
					"$(inherited)",
					"\"$(SRCROOT)/Frameworks/TestFlight\"",
					"\"$(SRCROOT)/Frameworks/Tesseract\"",
				);
				PRODUCT_NAME = "$(TARGET_NAME)";
				"PROVISIONING_PROFILE[sdk=iphoneos*]" = "";
				WRAPPER_EXTENSION = app;
			};
			name = Release;
		};
		91B9CC9A1576DFD500AAEDC0 /* AdHoc */ = {
			isa = XCBuildConfiguration;
			buildSettings = {
				ALWAYS_SEARCH_USER_PATHS = NO;
				ARCHS = "$(ARCHS_STANDARD_32_BIT)";
				CLANG_ENABLE_OBJC_ARC = YES;
				CLANG_WARN_CONSTANT_CONVERSION = YES;
				CLANG_WARN_ENUM_CONVERSION = YES;
				CLANG_WARN_INT_CONVERSION = YES;
				CLANG_WARN__DUPLICATE_METHOD_MATCH = YES;
				"CODE_SIGN_IDENTITY[sdk=iphoneos*]" = "iPhone Developer";
				COPY_PHASE_STRIP = YES;
				GCC_C_LANGUAGE_STANDARD = gnu99;
				GCC_VERSION = com.apple.compilers.llvm.clang.1_0;
				GCC_WARN_ABOUT_RETURN_TYPE = YES;
				GCC_WARN_UNINITIALIZED_AUTOS = YES;
				GCC_WARN_UNUSED_VARIABLE = YES;
				IPHONEOS_DEPLOYMENT_TARGET = 5.1;
				OTHER_CFLAGS = "-DNS_BLOCK_ASSERTIONS=1";
				SDKROOT = iphoneos;
				VALIDATE_PRODUCT = YES;
			};
			name = AdHoc;
		};
		91B9CC9B1576DFD500AAEDC0 /* AdHoc */ = {
			isa = XCBuildConfiguration;
			buildSettings = {
				BUNDLE_DISPLAY_NAME = "Billy β";
				BUNDLE_IDENTIFIER = com.eastmedia.billy.beta;
				"CODE_SIGN_IDENTITY[sdk=iphoneos*]" = "iPhone Distribution";
				ENABLE_SHORTCUTS = NO;
				GCC_INCREASE_PRECOMPILED_HEADER_SHARING = YES;
				GCC_PRECOMPILE_PREFIX_HEADER = YES;
				GCC_PREFIX_HEADER = "Support/billy-Prefix.pch";
				GCC_VERSION = com.apple.compilers.llvm.clang.1_0;
				GCC_WARN_ABOUT_DEPRECATED_FUNCTIONS = YES;
				INFOPLIST_FILE = "Support/billy-Info.plist";
				LIBRARY_SEARCH_PATHS = (
					"$(inherited)",
					"\"$(SRCROOT)/Frameworks/TestFlight\"",
					"\"$(SRCROOT)/Frameworks/Tesseract\"",
				);
				PRODUCT_NAME = "$(TARGET_NAME)";
				"PROVISIONING_PROFILE[sdk=iphoneos*]" = "";
				WRAPPER_EXTENSION = app;
			};
			name = AdHoc;
		};
/* End XCBuildConfiguration section */

/* Begin XCConfigurationList section */
		9182243015F90A5A00A6CDCF /* Build configuration list for PBXNativeTarget "ASIHTTPRequest" */ = {
			isa = XCConfigurationList;
			buildConfigurations = (
				9182243115F90A5A00A6CDCF /* Debug */,
				9182243215F90A5A00A6CDCF /* Release */,
				9182243315F90A5A00A6CDCF /* AdHoc */,
			);
			defaultConfigurationIsVisible = 0;
			defaultConfigurationName = Release;
		};
		91B9CC4C1576C3ED00AAEDC0 /* Build configuration list for PBXProject "billy" */ = {
			isa = XCConfigurationList;
			buildConfigurations = (
				91B9CC6E1576C3ED00AAEDC0 /* Debug */,
				91B9CC6F1576C3ED00AAEDC0 /* Release */,
				91B9CC9A1576DFD500AAEDC0 /* AdHoc */,
			);
			defaultConfigurationIsVisible = 0;
			defaultConfigurationName = Release;
		};
		91B9CC701576C3ED00AAEDC0 /* Build configuration list for PBXNativeTarget "billy" */ = {
			isa = XCConfigurationList;
			buildConfigurations = (
				91B9CC711576C3ED00AAEDC0 /* Debug */,
				91B9CC721576C3ED00AAEDC0 /* Release */,
				91B9CC9B1576DFD500AAEDC0 /* AdHoc */,
			);
			defaultConfigurationIsVisible = 0;
			defaultConfigurationName = Release;
		};
/* End XCConfigurationList section */

/* Begin XCVersionGroup section */
		9155237F15B07A8C00F2F539 /* billy.xcdatamodeld */ = {
			isa = XCVersionGroup;
			children = (
				9182241615F139D400A6CDCF /* AddImageURLDataToBill.xcdatamodel */,
				9182241515F12F0400A6CDCF /* AddFeedbackSettingsToBill.xcdatamodel */,
				91E62CEA15C7120F00E3AD5D /* AddCreatedAtForBill.xcdatamodel */,
				915523AB15B0BB0900F2F539 /* FixRawTextIssue.xcdatamodel */,
				915523A015B0B20900F2F539 /* AddDeletedFlagToLineItem.xcdatamodel */,
				9155239F15B0A58900F2F539 /* AddIndexToLineItem.xcdatamodel */,
				9155239E15B0986E00F2F539 /* AddSplitterEntity.xcdatamodel */,
				9155238015B07A8C00F2F539 /* billy.xcdatamodel */,
			);
			currentVersion = 9182241615F139D400A6CDCF /* AddImageURLDataToBill.xcdatamodel */;
			path = billy.xcdatamodeld;
			sourceTree = SOURCE_ROOT;
			versionGroupType = wrapper.xcdatamodel;
		};
/* End XCVersionGroup section */
	};
	rootObject = 91B9CC491576C3ED00AAEDC0 /* Project object */;
}
