// !$*UTF8*$!
{
	archiveVersion = 1;
	classes = {
	};
	objectVersion = 46;
	objects = {

/* Begin PBXBuildFile section */
		9148ADD71577DCC200985CA0 /* iconCamera.png in Resources */ = {isa = PBXBuildFile; fileRef = 9148ADD51577DCC200985CA0 /* iconCamera.png */; };
		9148ADD81577DCC200985CA0 /* iconCamera@2x.png in Resources */ = {isa = PBXBuildFile; fileRef = 9148ADD61577DCC200985CA0 /* iconCamera@2x.png */; };
		9148ADDA1577DDBF00985CA0 /* AVFoundation.framework in Frameworks */ = {isa = PBXBuildFile; fileRef = 9148ADD91577DDBF00985CA0 /* AVFoundation.framework */; };
		9148ADE11577E6F600985CA0 /* BLCropViewController.xib in Resources */ = {isa = PBXBuildFile; fileRef = 9148ADE01577E6F600985CA0 /* BLCropViewController.xib */; };
		9148ADE41577FD6B00985CA0 /* cropDot.png in Resources */ = {isa = PBXBuildFile; fileRef = 9148ADE21577FD6B00985CA0 /* cropDot.png */; };
		9148ADE51577FD6B00985CA0 /* cropDot@2x.png in Resources */ = {isa = PBXBuildFile; fileRef = 9148ADE31577FD6B00985CA0 /* cropDot@2x.png */; };
		9148ADE7157800D600985CA0 /* QuartzCore.framework in Frameworks */ = {isa = PBXBuildFile; fileRef = 9148ADE6157800D600985CA0 /* QuartzCore.framework */; };
		9148ADEA1578147300985CA0 /* iconCheck.png in Resources */ = {isa = PBXBuildFile; fileRef = 9148ADE81578147300985CA0 /* iconCheck.png */; };
		9148ADEB1578147300985CA0 /* iconCheck@2x.png in Resources */ = {isa = PBXBuildFile; fileRef = 9148ADE91578147300985CA0 /* iconCheck@2x.png */; };
		9148ADF1157913FA00985CA0 /* tessdata in Resources */ = {isa = PBXBuildFile; fileRef = 9148ADF0157913FA00985CA0 /* tessdata */; };
		9148ADF41579145300985CA0 /* libtesseract_full.a in Frameworks */ = {isa = PBXBuildFile; fileRef = 9148ADF31579145300985CA0 /* libtesseract_full.a */; };
		9148ADF915791D1400985CA0 /* OpenGLES.framework in Frameworks */ = {isa = PBXBuildFile; fileRef = 9148ADF815791D1400985CA0 /* OpenGLES.framework */; };
		9148ADFD157925ED00985CA0 /* ImageIO.framework in Frameworks */ = {isa = PBXBuildFile; fileRef = 9148ADFC157925ED00985CA0 /* ImageIO.framework */; };
		9148ADFF157926DF00985CA0 /* CoreMedia.framework in Frameworks */ = {isa = PBXBuildFile; fileRef = 9148ADFE157926DF00985CA0 /* CoreMedia.framework */; };
		9148AE0615792E9700985CA0 /* BLFixItemsViewController.xib in Resources */ = {isa = PBXBuildFile; fileRef = 9148AE0515792E9700985CA0 /* BLFixItemsViewController.xib */; };
		9148AE0A1579473700985CA0 /* BLTextField.m in Sources */ = {isa = PBXBuildFile; fileRef = 9148AE091579473700985CA0 /* BLTextField.m */; };
		9155238115B07A8C00F2F539 /* billy.xcdatamodeld in Sources */ = {isa = PBXBuildFile; fileRef = 9155237F15B07A8C00F2F539 /* billy.xcdatamodeld */; };
		9155238415B07D4700F2F539 /* CoreData.framework in Frameworks */ = {isa = PBXBuildFile; fileRef = 9155238315B07D4700F2F539 /* CoreData.framework */; };
		9155239415B0949500F2F539 /* LineItem.m in Sources */ = {isa = PBXBuildFile; fileRef = 9155239315B0949500F2F539 /* LineItem.m */; };
		9155239715B0949500F2F539 /* Bill.m in Sources */ = {isa = PBXBuildFile; fileRef = 9155239615B0949500F2F539 /* Bill.m */; };
		9155239A15B0949500F2F539 /* Person.m in Sources */ = {isa = PBXBuildFile; fileRef = 9155239915B0949500F2F539 /* Person.m */; };
		9155239D15B0949500F2F539 /* Assignment.m in Sources */ = {isa = PBXBuildFile; fileRef = 9155239C15B0949500F2F539 /* Assignment.m */; };
		9198BF13157AEB25001B74A9 /* BLCameraViewController.m in Sources */ = {isa = PBXBuildFile; fileRef = 9198BF07157AEB25001B74A9 /* BLCameraViewController.m */; };
		9198BF14157AEB25001B74A9 /* BLCropViewController.m in Sources */ = {isa = PBXBuildFile; fileRef = 9198BF09157AEB25001B74A9 /* BLCropViewController.m */; };
		9198BF15157AEB25001B74A9 /* BLFixItemsViewController.m in Sources */ = {isa = PBXBuildFile; fileRef = 9198BF0B157AEB25001B74A9 /* BLFixItemsViewController.m */; };
		9198BF16157AEB25001B74A9 /* BLNamesViewController.m in Sources */ = {isa = PBXBuildFile; fileRef = 9198BF0D157AEB25001B74A9 /* BLNamesViewController.m */; };
		9198BF17157AEB25001B74A9 /* BLSplitBillViewController.m in Sources */ = {isa = PBXBuildFile; fileRef = 9198BF0F157AEB25001B74A9 /* BLSplitBillViewController.m */; };
		9198BF18157AEB25001B74A9 /* BLSplitCountViewController.m in Sources */ = {isa = PBXBuildFile; fileRef = 9198BF11157AEB25001B74A9 /* BLSplitCountViewController.m */; };
		9198BF1A157AEB34001B74A9 /* BLSplitBillViewController.xib in Resources */ = {isa = PBXBuildFile; fileRef = 9198BF19157AEB34001B74A9 /* BLSplitBillViewController.xib */; };
		91AAE666158D3A6C00C609C4 /* BLTipViewController.xib in Resources */ = {isa = PBXBuildFile; fileRef = 91AAE665158D3A6C00C609C4 /* BLTipViewController.xib */; };
		91AAE66A158D3A8400C609C4 /* BLTipViewController.m in Sources */ = {isa = PBXBuildFile; fileRef = 91AAE669158D3A8400C609C4 /* BLTipViewController.m */; };
		91AAE66E158E54BF00C609C4 /* BLSummaryViewController.m in Sources */ = {isa = PBXBuildFile; fileRef = 91AAE66C158E54BF00C609C4 /* BLSummaryViewController.m */; };
		91AAE671158E551F00C609C4 /* BLSummaryViewController.xib in Resources */ = {isa = PBXBuildFile; fileRef = 91AAE670158E551F00C609C4 /* BLSummaryViewController.xib */; };
		91AAE674158E584B00C609C4 /* iconStartOver.png in Resources */ = {isa = PBXBuildFile; fileRef = 91AAE672158E584B00C609C4 /* iconStartOver.png */; };
		91AAE675158E584B00C609C4 /* iconStartOver@2x.png in Resources */ = {isa = PBXBuildFile; fileRef = 91AAE673158E584B00C609C4 /* iconStartOver@2x.png */; };
		91B9CC571576C3ED00AAEDC0 /* UIKit.framework in Frameworks */ = {isa = PBXBuildFile; fileRef = 91B9CC561576C3ED00AAEDC0 /* UIKit.framework */; };
		91B9CC591576C3ED00AAEDC0 /* Foundation.framework in Frameworks */ = {isa = PBXBuildFile; fileRef = 91B9CC581576C3ED00AAEDC0 /* Foundation.framework */; };
		91B9CC5B1576C3ED00AAEDC0 /* CoreGraphics.framework in Frameworks */ = {isa = PBXBuildFile; fileRef = 91B9CC5A1576C3ED00AAEDC0 /* CoreGraphics.framework */; };
		91B9CC811576C5D200AAEDC0 /* main.m in Sources */ = {isa = PBXBuildFile; fileRef = 91B9CC7F1576C5D200AAEDC0 /* main.m */; };
		91B9CC891576C62900AAEDC0 /* InfoPlist.strings in Resources */ = {isa = PBXBuildFile; fileRef = 91B9CC881576C62900AAEDC0 /* InfoPlist.strings */; };
		91B9CC951576D22100AAEDC0 /* BLSplitCountViewController.xib in Resources */ = {isa = PBXBuildFile; fileRef = 91B9CC941576D22100AAEDC0 /* BLSplitCountViewController.xib */; };
		91B9CC9F1576E4A900AAEDC0 /* libTestFlight.a in Frameworks */ = {isa = PBXBuildFile; fileRef = 91B9CC9D1576E4A900AAEDC0 /* libTestFlight.a */; };
		91B9CCA11576E53700AAEDC0 /* libz.dylib in Frameworks */ = {isa = PBXBuildFile; fileRef = 91B9CCA01576E53700AAEDC0 /* libz.dylib */; };
		91B9CCB21577D10B00AAEDC0 /* BLCameraViewController.xib in Resources */ = {isa = PBXBuildFile; fileRef = 91B9CCB11577D10B00AAEDC0 /* BLCameraViewController.xib */; };
		91B9CCCA1577D72500AAEDC0 /* Icon-72.png in Resources */ = {isa = PBXBuildFile; fileRef = 91B9CCC41577D72500AAEDC0 /* Icon-72.png */; };
		91B9CCCB1577D72500AAEDC0 /* Icon-72@2x.png in Resources */ = {isa = PBXBuildFile; fileRef = 91B9CCC51577D72500AAEDC0 /* Icon-72@2x.png */; };
		91B9CCCC1577D72500AAEDC0 /* Icon.png in Resources */ = {isa = PBXBuildFile; fileRef = 91B9CCC61577D72500AAEDC0 /* Icon.png */; };
		91B9CCCD1577D72500AAEDC0 /* Icon@2x.png in Resources */ = {isa = PBXBuildFile; fileRef = 91B9CCC71577D72500AAEDC0 /* Icon@2x.png */; };
		91B9CCD21577DA4100AAEDC0 /* iTunesArtwork in Resources */ = {isa = PBXBuildFile; fileRef = 91B9CCD01577DA4100AAEDC0 /* iTunesArtwork */; };
		91B9CCD31577DA4100AAEDC0 /* iTunesArtwork@2x in Resources */ = {isa = PBXBuildFile; fileRef = 91B9CCD11577DA4100AAEDC0 /* iTunesArtwork@2x */; };
		91CAC83F157E6704001B500F /* BLAppDelegate.m in Sources */ = {isa = PBXBuildFile; fileRef = 91CAC83E157E6704001B500F /* BLAppDelegate.m */; };
		91D0953C1595310C00E22EEC /* Default.png in Resources */ = {isa = PBXBuildFile; fileRef = 91D0953A1595310C00E22EEC /* Default.png */; };
		91D0953D1595310C00E22EEC /* Default@2x.png in Resources */ = {isa = PBXBuildFile; fileRef = 91D0953B1595310C00E22EEC /* Default@2x.png */; };
		91D095411595318600E22EEC /* BLStartViewController.m in Sources */ = {isa = PBXBuildFile; fileRef = 91D0953F1595318600E22EEC /* BLStartViewController.m */; };
		91D09544159531BB00E22EEC /* BLStartViewController.xib in Resources */ = {isa = PBXBuildFile; fileRef = 91D09543159531BB00E22EEC /* BLStartViewController.xib */; };
		91EB2BBC1586E4B9007FD18B /* BLTaxViewController.m in Sources */ = {isa = PBXBuildFile; fileRef = 91EB2BBA1586E4B9007FD18B /* BLTaxViewController.m */; };
		91EB2BC01586E56F007FD18B /* BLTaxViewController.xib in Resources */ = {isa = PBXBuildFile; fileRef = 91EB2BBF1586E56F007FD18B /* BLTaxViewController.xib */; };
		91EC8CD3157722B0000E7DE8 /* BLNamesViewController.xib in Resources */ = {isa = PBXBuildFile; fileRef = 91EC8CD2157722B0000E7DE8 /* BLNamesViewController.xib */; };
/* End PBXBuildFile section */

/* Begin PBXFileReference section */
		9148ADD51577DCC200985CA0 /* iconCamera.png */ = {isa = PBXFileReference; lastKnownFileType = image.png; path = iconCamera.png; sourceTree = "<group>"; };
		9148ADD61577DCC200985CA0 /* iconCamera@2x.png */ = {isa = PBXFileReference; lastKnownFileType = image.png; path = "iconCamera@2x.png"; sourceTree = "<group>"; };
		9148ADD91577DDBF00985CA0 /* AVFoundation.framework */ = {isa = PBXFileReference; lastKnownFileType = wrapper.framework; name = AVFoundation.framework; path = System/Library/Frameworks/AVFoundation.framework; sourceTree = SDKROOT; };
		9148ADE01577E6F600985CA0 /* BLCropViewController.xib */ = {isa = PBXFileReference; fileEncoding = 4; lastKnownFileType = file.xib; name = BLCropViewController.xib; path = NIBs/BLCropViewController.xib; sourceTree = "<group>"; };
		9148ADE21577FD6B00985CA0 /* cropDot.png */ = {isa = PBXFileReference; lastKnownFileType = image.png; path = cropDot.png; sourceTree = "<group>"; };
		9148ADE31577FD6B00985CA0 /* cropDot@2x.png */ = {isa = PBXFileReference; lastKnownFileType = image.png; path = "cropDot@2x.png"; sourceTree = "<group>"; };
		9148ADE6157800D600985CA0 /* QuartzCore.framework */ = {isa = PBXFileReference; lastKnownFileType = wrapper.framework; name = QuartzCore.framework; path = System/Library/Frameworks/QuartzCore.framework; sourceTree = SDKROOT; };
		9148ADE81578147300985CA0 /* iconCheck.png */ = {isa = PBXFileReference; lastKnownFileType = image.png; path = iconCheck.png; sourceTree = "<group>"; };
		9148ADE91578147300985CA0 /* iconCheck@2x.png */ = {isa = PBXFileReference; lastKnownFileType = image.png; path = "iconCheck@2x.png"; sourceTree = "<group>"; };
		9148ADF0157913FA00985CA0 /* tessdata */ = {isa = PBXFileReference; lastKnownFileType = folder; name = tessdata; path = Support/tessdata; sourceTree = SOURCE_ROOT; };
		9148ADF31579145300985CA0 /* libtesseract_full.a */ = {isa = PBXFileReference; lastKnownFileType = archive.ar; path = libtesseract_full.a; sourceTree = "<group>"; };
		9148ADF715791A0100985CA0 /* Tesseract.h */ = {isa = PBXFileReference; fileEncoding = 4; lastKnownFileType = sourcecode.c.h; path = Tesseract.h; sourceTree = "<group>"; };
		9148ADF815791D1400985CA0 /* OpenGLES.framework */ = {isa = PBXFileReference; lastKnownFileType = wrapper.framework; name = OpenGLES.framework; path = System/Library/Frameworks/OpenGLES.framework; sourceTree = SDKROOT; };
		9148ADFC157925ED00985CA0 /* ImageIO.framework */ = {isa = PBXFileReference; lastKnownFileType = wrapper.framework; name = ImageIO.framework; path = System/Library/Frameworks/ImageIO.framework; sourceTree = SDKROOT; };
		9148ADFE157926DF00985CA0 /* CoreMedia.framework */ = {isa = PBXFileReference; lastKnownFileType = wrapper.framework; name = CoreMedia.framework; path = System/Library/Frameworks/CoreMedia.framework; sourceTree = SDKROOT; };
		9148AE0515792E9700985CA0 /* BLFixItemsViewController.xib */ = {isa = PBXFileReference; fileEncoding = 4; lastKnownFileType = file.xib; name = BLFixItemsViewController.xib; path = NIBs/BLFixItemsViewController.xib; sourceTree = "<group>"; };
		9148AE081579473700985CA0 /* BLTextField.h */ = {isa = PBXFileReference; fileEncoding = 4; lastKnownFileType = sourcecode.c.h; name = BLTextField.h; path = CustomUI/BLTextField.h; sourceTree = "<group>"; };
		9148AE091579473700985CA0 /* BLTextField.m */ = {isa = PBXFileReference; fileEncoding = 4; lastKnownFileType = sourcecode.c.objc; name = BLTextField.m; path = CustomUI/BLTextField.m; sourceTree = "<group>"; };
		9155238015B07A8C00F2F539 /* billy.xcdatamodel */ = {isa = PBXFileReference; lastKnownFileType = wrapper.xcdatamodel; path = billy.xcdatamodel; sourceTree = "<group>"; };
		9155238315B07D4700F2F539 /* CoreData.framework */ = {isa = PBXFileReference; lastKnownFileType = wrapper.framework; name = CoreData.framework; path = System/Library/Frameworks/CoreData.framework; sourceTree = SDKROOT; };
		9155239215B0949500F2F539 /* LineItem.h */ = {isa = PBXFileReference; fileEncoding = 4; lastKnownFileType = sourcecode.c.h; path = LineItem.h; sourceTree = "<group>"; };
		9155239315B0949500F2F539 /* LineItem.m */ = {isa = PBXFileReference; fileEncoding = 4; lastKnownFileType = sourcecode.c.objc; path = LineItem.m; sourceTree = "<group>"; };
		9155239515B0949500F2F539 /* Bill.h */ = {isa = PBXFileReference; fileEncoding = 4; lastKnownFileType = sourcecode.c.h; path = Bill.h; sourceTree = "<group>"; };
		9155239615B0949500F2F539 /* Bill.m */ = {isa = PBXFileReference; fileEncoding = 4; lastKnownFileType = sourcecode.c.objc; path = Bill.m; sourceTree = "<group>"; };
		9155239815B0949500F2F539 /* Person.h */ = {isa = PBXFileReference; fileEncoding = 4; lastKnownFileType = sourcecode.c.h; path = Person.h; sourceTree = "<group>"; };
		9155239915B0949500F2F539 /* Person.m */ = {isa = PBXFileReference; fileEncoding = 4; lastKnownFileType = sourcecode.c.objc; path = Person.m; sourceTree = "<group>"; };
		9155239B15B0949500F2F539 /* Assignment.h */ = {isa = PBXFileReference; fileEncoding = 4; lastKnownFileType = sourcecode.c.h; path = Assignment.h; sourceTree = "<group>"; };
		9155239C15B0949500F2F539 /* Assignment.m */ = {isa = PBXFileReference; fileEncoding = 4; lastKnownFileType = sourcecode.c.objc; path = Assignment.m; sourceTree = "<group>"; };
		9198BF06157AEB25001B74A9 /* BLCameraViewController.h */ = {isa = PBXFileReference; fileEncoding = 4; lastKnownFileType = sourcecode.c.h; name = BLCameraViewController.h; path = ViewControllers/BLCameraViewController.h; sourceTree = "<group>"; };
		9198BF07157AEB25001B74A9 /* BLCameraViewController.m */ = {isa = PBXFileReference; explicitFileType = sourcecode.cpp.objcpp; fileEncoding = 4; name = BLCameraViewController.m; path = ViewControllers/BLCameraViewController.m; sourceTree = "<group>"; };
		9198BF08157AEB25001B74A9 /* BLCropViewController.h */ = {isa = PBXFileReference; fileEncoding = 4; lastKnownFileType = sourcecode.c.h; name = BLCropViewController.h; path = ViewControllers/BLCropViewController.h; sourceTree = "<group>"; };
		9198BF09157AEB25001B74A9 /* BLCropViewController.m */ = {isa = PBXFileReference; explicitFileType = sourcecode.cpp.objcpp; fileEncoding = 4; name = BLCropViewController.m; path = ViewControllers/BLCropViewController.m; sourceTree = "<group>"; };
		9198BF0A157AEB25001B74A9 /* BLFixItemsViewController.h */ = {isa = PBXFileReference; fileEncoding = 4; lastKnownFileType = sourcecode.c.h; name = BLFixItemsViewController.h; path = ViewControllers/BLFixItemsViewController.h; sourceTree = "<group>"; };
		9198BF0B157AEB25001B74A9 /* BLFixItemsViewController.m */ = {isa = PBXFileReference; fileEncoding = 4; lastKnownFileType = sourcecode.c.objc; name = BLFixItemsViewController.m; path = ViewControllers/BLFixItemsViewController.m; sourceTree = "<group>"; };
		9198BF0C157AEB25001B74A9 /* BLNamesViewController.h */ = {isa = PBXFileReference; fileEncoding = 4; lastKnownFileType = sourcecode.c.h; name = BLNamesViewController.h; path = ViewControllers/BLNamesViewController.h; sourceTree = "<group>"; };
		9198BF0D157AEB25001B74A9 /* BLNamesViewController.m */ = {isa = PBXFileReference; fileEncoding = 4; lastKnownFileType = sourcecode.c.objc; name = BLNamesViewController.m; path = ViewControllers/BLNamesViewController.m; sourceTree = "<group>"; };
		9198BF0E157AEB25001B74A9 /* BLSplitBillViewController.h */ = {isa = PBXFileReference; fileEncoding = 4; lastKnownFileType = sourcecode.c.h; name = BLSplitBillViewController.h; path = ViewControllers/BLSplitBillViewController.h; sourceTree = "<group>"; };
		9198BF0F157AEB25001B74A9 /* BLSplitBillViewController.m */ = {isa = PBXFileReference; fileEncoding = 4; lastKnownFileType = sourcecode.c.objc; name = BLSplitBillViewController.m; path = ViewControllers/BLSplitBillViewController.m; sourceTree = "<group>"; };
		9198BF10157AEB25001B74A9 /* BLSplitCountViewController.h */ = {isa = PBXFileReference; fileEncoding = 4; lastKnownFileType = sourcecode.c.h; name = BLSplitCountViewController.h; path = ViewControllers/BLSplitCountViewController.h; sourceTree = "<group>"; };
		9198BF11157AEB25001B74A9 /* BLSplitCountViewController.m */ = {isa = PBXFileReference; fileEncoding = 4; lastKnownFileType = sourcecode.c.objc; name = BLSplitCountViewController.m; path = ViewControllers/BLSplitCountViewController.m; sourceTree = "<group>"; };
		9198BF19157AEB34001B74A9 /* BLSplitBillViewController.xib */ = {isa = PBXFileReference; fileEncoding = 4; lastKnownFileType = file.xib; name = BLSplitBillViewController.xib; path = NIBs/BLSplitBillViewController.xib; sourceTree = "<group>"; };
		91AAE665158D3A6C00C609C4 /* BLTipViewController.xib */ = {isa = PBXFileReference; fileEncoding = 4; lastKnownFileType = file.xib; name = BLTipViewController.xib; path = NIBs/BLTipViewController.xib; sourceTree = "<group>"; };
		91AAE668158D3A8400C609C4 /* BLTipViewController.h */ = {isa = PBXFileReference; fileEncoding = 4; lastKnownFileType = sourcecode.c.h; name = BLTipViewController.h; path = ViewControllers/BLTipViewController.h; sourceTree = "<group>"; };
		91AAE669158D3A8400C609C4 /* BLTipViewController.m */ = {isa = PBXFileReference; fileEncoding = 4; lastKnownFileType = sourcecode.c.objc; name = BLTipViewController.m; path = ViewControllers/BLTipViewController.m; sourceTree = "<group>"; };
		91AAE66B158E54BF00C609C4 /* BLSummaryViewController.h */ = {isa = PBXFileReference; fileEncoding = 4; lastKnownFileType = sourcecode.c.h; name = BLSummaryViewController.h; path = ViewControllers/BLSummaryViewController.h; sourceTree = "<group>"; };
		91AAE66C158E54BF00C609C4 /* BLSummaryViewController.m */ = {isa = PBXFileReference; fileEncoding = 4; lastKnownFileType = sourcecode.c.objc; name = BLSummaryViewController.m; path = ViewControllers/BLSummaryViewController.m; sourceTree = "<group>"; };
		91AAE670158E551F00C609C4 /* BLSummaryViewController.xib */ = {isa = PBXFileReference; fileEncoding = 4; lastKnownFileType = file.xib; name = BLSummaryViewController.xib; path = NIBs/BLSummaryViewController.xib; sourceTree = "<group>"; };
		91AAE672158E584B00C609C4 /* iconStartOver.png */ = {isa = PBXFileReference; lastKnownFileType = image.png; path = iconStartOver.png; sourceTree = "<group>"; };
		91AAE673158E584B00C609C4 /* iconStartOver@2x.png */ = {isa = PBXFileReference; lastKnownFileType = image.png; path = "iconStartOver@2x.png"; sourceTree = "<group>"; };
		91B9CC521576C3ED00AAEDC0 /* billy.app */ = {isa = PBXFileReference; explicitFileType = wrapper.application; includeInIndex = 0; path = billy.app; sourceTree = BUILT_PRODUCTS_DIR; };
		91B9CC561576C3ED00AAEDC0 /* UIKit.framework */ = {isa = PBXFileReference; lastKnownFileType = wrapper.framework; name = UIKit.framework; path = System/Library/Frameworks/UIKit.framework; sourceTree = SDKROOT; };
		91B9CC581576C3ED00AAEDC0 /* Foundation.framework */ = {isa = PBXFileReference; lastKnownFileType = wrapper.framework; name = Foundation.framework; path = System/Library/Frameworks/Foundation.framework; sourceTree = SDKROOT; };
		91B9CC5A1576C3ED00AAEDC0 /* CoreGraphics.framework */ = {isa = PBXFileReference; lastKnownFileType = wrapper.framework; name = CoreGraphics.framework; path = System/Library/Frameworks/CoreGraphics.framework; sourceTree = SDKROOT; };
		91B9CC7D1576C5D200AAEDC0 /* billy-Info.plist */ = {isa = PBXFileReference; fileEncoding = 4; lastKnownFileType = text.plist.xml; name = "billy-Info.plist"; path = "Support/billy-Info.plist"; sourceTree = SOURCE_ROOT; };
		91B9CC7E1576C5D200AAEDC0 /* billy-Prefix.pch */ = {isa = PBXFileReference; fileEncoding = 4; lastKnownFileType = sourcecode.c.h; name = "billy-Prefix.pch"; path = "Support/billy-Prefix.pch"; sourceTree = SOURCE_ROOT; };
		91B9CC7F1576C5D200AAEDC0 /* main.m */ = {isa = PBXFileReference; fileEncoding = 4; lastKnownFileType = sourcecode.c.objc; name = main.m; path = Support/main.m; sourceTree = SOURCE_ROOT; };
		91B9CC881576C62900AAEDC0 /* InfoPlist.strings */ = {isa = PBXFileReference; fileEncoding = 4; lastKnownFileType = text.plist.strings; name = InfoPlist.strings; path = Support/InfoPlist.strings; sourceTree = SOURCE_ROOT; };
		91B9CC941576D22100AAEDC0 /* BLSplitCountViewController.xib */ = {isa = PBXFileReference; fileEncoding = 4; lastKnownFileType = file.xib; name = BLSplitCountViewController.xib; path = NIBs/BLSplitCountViewController.xib; sourceTree = "<group>"; };
		91B9CC9D1576E4A900AAEDC0 /* libTestFlight.a */ = {isa = PBXFileReference; lastKnownFileType = archive.ar; path = libTestFlight.a; sourceTree = "<group>"; };
		91B9CC9E1576E4A900AAEDC0 /* TestFlight.h */ = {isa = PBXFileReference; fileEncoding = 4; lastKnownFileType = sourcecode.c.h; path = TestFlight.h; sourceTree = "<group>"; };
		91B9CCA01576E53700AAEDC0 /* libz.dylib */ = {isa = PBXFileReference; lastKnownFileType = "compiled.mach-o.dylib"; name = libz.dylib; path = usr/lib/libz.dylib; sourceTree = SDKROOT; };
		91B9CCB11577D10B00AAEDC0 /* BLCameraViewController.xib */ = {isa = PBXFileReference; fileEncoding = 4; lastKnownFileType = file.xib; name = BLCameraViewController.xib; path = NIBs/BLCameraViewController.xib; sourceTree = "<group>"; };
		91B9CCC41577D72500AAEDC0 /* Icon-72.png */ = {isa = PBXFileReference; lastKnownFileType = image.png; path = "Icon-72.png"; sourceTree = SOURCE_ROOT; };
		91B9CCC51577D72500AAEDC0 /* Icon-72@2x.png */ = {isa = PBXFileReference; lastKnownFileType = image.png; path = "Icon-72@2x.png"; sourceTree = SOURCE_ROOT; };
		91B9CCC61577D72500AAEDC0 /* Icon.png */ = {isa = PBXFileReference; lastKnownFileType = image.png; path = Icon.png; sourceTree = SOURCE_ROOT; };
		91B9CCC71577D72500AAEDC0 /* Icon@2x.png */ = {isa = PBXFileReference; lastKnownFileType = image.png; path = "Icon@2x.png"; sourceTree = SOURCE_ROOT; };
		91B9CCD01577DA4100AAEDC0 /* iTunesArtwork */ = {isa = PBXFileReference; lastKnownFileType = file; path = iTunesArtwork; sourceTree = SOURCE_ROOT; };
		91B9CCD11577DA4100AAEDC0 /* iTunesArtwork@2x */ = {isa = PBXFileReference; lastKnownFileType = file; path = "iTunesArtwork@2x"; sourceTree = SOURCE_ROOT; };
		91CAC83D157E6704001B500F /* BLAppDelegate.h */ = {isa = PBXFileReference; fileEncoding = 4; lastKnownFileType = sourcecode.c.h; name = BLAppDelegate.h; path = OtherClasses/BLAppDelegate.h; sourceTree = "<group>"; };
		91CAC83E157E6704001B500F /* BLAppDelegate.m */ = {isa = PBXFileReference; fileEncoding = 4; lastKnownFileType = sourcecode.c.objc; name = BLAppDelegate.m; path = OtherClasses/BLAppDelegate.m; sourceTree = "<group>"; };
		91D0953A1595310C00E22EEC /* Default.png */ = {isa = PBXFileReference; lastKnownFileType = image.png; path = Default.png; sourceTree = SOURCE_ROOT; };
		91D0953B1595310C00E22EEC /* Default@2x.png */ = {isa = PBXFileReference; lastKnownFileType = image.png; path = "Default@2x.png"; sourceTree = SOURCE_ROOT; };
		91D0953E1595318600E22EEC /* BLStartViewController.h */ = {isa = PBXFileReference; fileEncoding = 4; lastKnownFileType = sourcecode.c.h; name = BLStartViewController.h; path = ViewControllers/BLStartViewController.h; sourceTree = "<group>"; };
		91D0953F1595318600E22EEC /* BLStartViewController.m */ = {isa = PBXFileReference; fileEncoding = 4; lastKnownFileType = sourcecode.c.objc; name = BLStartViewController.m; path = ViewControllers/BLStartViewController.m; sourceTree = "<group>"; };
		91D09543159531BB00E22EEC /* BLStartViewController.xib */ = {isa = PBXFileReference; fileEncoding = 4; lastKnownFileType = file.xib; name = BLStartViewController.xib; path = NIBs/BLStartViewController.xib; sourceTree = "<group>"; };
		91EB2BB91586E4B9007FD18B /* BLTaxViewController.h */ = {isa = PBXFileReference; fileEncoding = 4; lastKnownFileType = sourcecode.c.h; name = BLTaxViewController.h; path = ViewControllers/BLTaxViewController.h; sourceTree = "<group>"; };
		91EB2BBA1586E4B9007FD18B /* BLTaxViewController.m */ = {isa = PBXFileReference; fileEncoding = 4; lastKnownFileType = sourcecode.c.objc; name = BLTaxViewController.m; path = ViewControllers/BLTaxViewController.m; sourceTree = "<group>"; };
		91EB2BBF1586E56F007FD18B /* BLTaxViewController.xib */ = {isa = PBXFileReference; fileEncoding = 4; lastKnownFileType = file.xib; name = BLTaxViewController.xib; path = NIBs/BLTaxViewController.xib; sourceTree = "<group>"; };
		91EC8CD2157722B0000E7DE8 /* BLNamesViewController.xib */ = {isa = PBXFileReference; fileEncoding = 4; lastKnownFileType = file.xib; name = BLNamesViewController.xib; path = NIBs/BLNamesViewController.xib; sourceTree = "<group>"; };
/* End PBXFileReference section */

/* Begin PBXFrameworksBuildPhase section */
		91B9CC4F1576C3ED00AAEDC0 /* Frameworks */ = {
			isa = PBXFrameworksBuildPhase;
			buildActionMask = 2147483647;
			files = (
				9155238415B07D4700F2F539 /* CoreData.framework in Frameworks */,
				9148ADFF157926DF00985CA0 /* CoreMedia.framework in Frameworks */,
				9148ADFD157925ED00985CA0 /* ImageIO.framework in Frameworks */,
				9148ADF915791D1400985CA0 /* OpenGLES.framework in Frameworks */,
				9148ADE7157800D600985CA0 /* QuartzCore.framework in Frameworks */,
				9148ADDA1577DDBF00985CA0 /* AVFoundation.framework in Frameworks */,
				91B9CC571576C3ED00AAEDC0 /* UIKit.framework in Frameworks */,
				91B9CC591576C3ED00AAEDC0 /* Foundation.framework in Frameworks */,
				91B9CC5B1576C3ED00AAEDC0 /* CoreGraphics.framework in Frameworks */,
				91B9CC9F1576E4A900AAEDC0 /* libTestFlight.a in Frameworks */,
				91B9CCA11576E53700AAEDC0 /* libz.dylib in Frameworks */,
				9148ADF41579145300985CA0 /* libtesseract_full.a in Frameworks */,
			);
			runOnlyForDeploymentPostprocessing = 0;
		};
/* End PBXFrameworksBuildPhase section */

/* Begin PBXGroup section */
		9148ADF21579145300985CA0 /* Tesseract */ = {
			isa = PBXGroup;
			children = (
				9148ADF31579145300985CA0 /* libtesseract_full.a */,
				9148ADF715791A0100985CA0 /* Tesseract.h */,
			);
			name = Tesseract;
			path = Frameworks/Tesseract;
			sourceTree = "<group>";
		};
		9148AE071579471600985CA0 /* Custom UI */ = {
			isa = PBXGroup;
			children = (
				9148AE081579473700985CA0 /* BLTextField.h */,
				9148AE091579473700985CA0 /* BLTextField.m */,
			);
			name = "Custom UI";
			sourceTree = "<group>";
		};
		9155239115B091FC00F2F539 /* Core Data */ = {
			isa = PBXGroup;
			children = (
				9155239B15B0949500F2F539 /* Assignment.h */,
				9155239C15B0949500F2F539 /* Assignment.m */,
				9155239815B0949500F2F539 /* Person.h */,
				9155239915B0949500F2F539 /* Person.m */,
				9155239515B0949500F2F539 /* Bill.h */,
				9155239615B0949500F2F539 /* Bill.m */,
				9155239215B0949500F2F539 /* LineItem.h */,
				9155239315B0949500F2F539 /* LineItem.m */,
				9155237F15B07A8C00F2F539 /* billy.xcdatamodeld */,
			);
			name = "Core Data";
			sourceTree = "<group>";
		};
		91B9CC471576C3ED00AAEDC0 = {
			isa = PBXGroup;
			children = (
				91B9CC731576C4EC00AAEDC0 /* View Controllers */,
				91B9CC7A1576C53600AAEDC0 /* NIBs */,
				9148AE071579471600985CA0 /* Custom UI */,
				91CAC83B157E66D4001B500F /* Other Classes */,
				9155239115B091FC00F2F539 /* Core Data */,
				91B9CC5D1576C3ED00AAEDC0 /* Supporting Files */,
				91B9CCB31577D50800AAEDC0 /* Images */,
				91B9CC551576C3ED00AAEDC0 /* Frameworks */,
				91B9CC531576C3ED00AAEDC0 /* Products */,
			);
			sourceTree = "<group>";
		};
		91B9CC531576C3ED00AAEDC0 /* Products */ = {
			isa = PBXGroup;
			children = (
				91B9CC521576C3ED00AAEDC0 /* billy.app */,
			);
			name = Products;
			sourceTree = "<group>";
		};
		91B9CC551576C3ED00AAEDC0 /* Frameworks */ = {
			isa = PBXGroup;
			children = (
				91B9CCA01576E53700AAEDC0 /* libz.dylib */,
				91B9CC9C1576E4A900AAEDC0 /* TestFlight */,
				9148ADF21579145300985CA0 /* Tesseract */,
				9155238315B07D4700F2F539 /* CoreData.framework */,
				9148ADE6157800D600985CA0 /* QuartzCore.framework */,
				9148ADD91577DDBF00985CA0 /* AVFoundation.framework */,
				91B9CC561576C3ED00AAEDC0 /* UIKit.framework */,
				91B9CC581576C3ED00AAEDC0 /* Foundation.framework */,
				91B9CC5A1576C3ED00AAEDC0 /* CoreGraphics.framework */,
				9148ADF815791D1400985CA0 /* OpenGLES.framework */,
				9148ADFC157925ED00985CA0 /* ImageIO.framework */,
				9148ADFE157926DF00985CA0 /* CoreMedia.framework */,
			);
			name = Frameworks;
			sourceTree = "<group>";
		};
		91B9CC5D1576C3ED00AAEDC0 /* Supporting Files */ = {
			isa = PBXGroup;
			children = (
				9148ADF0157913FA00985CA0 /* tessdata */,
				91B9CC881576C62900AAEDC0 /* InfoPlist.strings */,
				91B9CC7D1576C5D200AAEDC0 /* billy-Info.plist */,
				91B9CC7E1576C5D200AAEDC0 /* billy-Prefix.pch */,
				91B9CC7F1576C5D200AAEDC0 /* main.m */,
			);
			name = "Supporting Files";
			path = billy;
			sourceTree = "<group>";
		};
		91B9CC731576C4EC00AAEDC0 /* View Controllers */ = {
			isa = PBXGroup;
			children = (
				9198BF06157AEB25001B74A9 /* BLCameraViewController.h */,
				9198BF07157AEB25001B74A9 /* BLCameraViewController.m */,
				9198BF08157AEB25001B74A9 /* BLCropViewController.h */,
				9198BF09157AEB25001B74A9 /* BLCropViewController.m */,
				9198BF0A157AEB25001B74A9 /* BLFixItemsViewController.h */,
				9198BF0B157AEB25001B74A9 /* BLFixItemsViewController.m */,
				9198BF0C157AEB25001B74A9 /* BLNamesViewController.h */,
				9198BF0D157AEB25001B74A9 /* BLNamesViewController.m */,
				9198BF0E157AEB25001B74A9 /* BLSplitBillViewController.h */,
				9198BF0F157AEB25001B74A9 /* BLSplitBillViewController.m */,
				9198BF10157AEB25001B74A9 /* BLSplitCountViewController.h */,
				9198BF11157AEB25001B74A9 /* BLSplitCountViewController.m */,
				91D0953E1595318600E22EEC /* BLStartViewController.h */,
				91D0953F1595318600E22EEC /* BLStartViewController.m */,
				91AAE66B158E54BF00C609C4 /* BLSummaryViewController.h */,
				91AAE66C158E54BF00C609C4 /* BLSummaryViewController.m */,
				91EB2BB91586E4B9007FD18B /* BLTaxViewController.h */,
				91EB2BBA1586E4B9007FD18B /* BLTaxViewController.m */,
				91AAE668158D3A8400C609C4 /* BLTipViewController.h */,
				91AAE669158D3A8400C609C4 /* BLTipViewController.m */,
			);
			name = "View Controllers";
			sourceTree = "<group>";
		};
		91B9CC7A1576C53600AAEDC0 /* NIBs */ = {
			isa = PBXGroup;
			children = (
				91B9CCB11577D10B00AAEDC0 /* BLCameraViewController.xib */,
				9148ADE01577E6F600985CA0 /* BLCropViewController.xib */,
				9148AE0515792E9700985CA0 /* BLFixItemsViewController.xib */,
				91EC8CD2157722B0000E7DE8 /* BLNamesViewController.xib */,
				9198BF19157AEB34001B74A9 /* BLSplitBillViewController.xib */,
				91B9CC941576D22100AAEDC0 /* BLSplitCountViewController.xib */,
				91D09543159531BB00E22EEC /* BLStartViewController.xib */,
				91AAE670158E551F00C609C4 /* BLSummaryViewController.xib */,
				91EB2BBF1586E56F007FD18B /* BLTaxViewController.xib */,
				91AAE665158D3A6C00C609C4 /* BLTipViewController.xib */,
			);
			name = NIBs;
			sourceTree = "<group>";
		};
		91B9CC9C1576E4A900AAEDC0 /* TestFlight */ = {
			isa = PBXGroup;
			children = (
				91B9CC9D1576E4A900AAEDC0 /* libTestFlight.a */,
				91B9CC9E1576E4A900AAEDC0 /* TestFlight.h */,
			);
			name = TestFlight;
			path = Frameworks/TestFlight;
			sourceTree = "<group>";
		};
		91B9CCB31577D50800AAEDC0 /* Images */ = {
			isa = PBXGroup;
			children = (
				91D0953A1595310C00E22EEC /* Default.png */,
				91D0953B1595310C00E22EEC /* Default@2x.png */,
				91B9CCD01577DA4100AAEDC0 /* iTunesArtwork */,
				91B9CCD11577DA4100AAEDC0 /* iTunesArtwork@2x */,
				91B9CCC41577D72500AAEDC0 /* Icon-72.png */,
				91B9CCC51577D72500AAEDC0 /* Icon-72@2x.png */,
				91B9CCC61577D72500AAEDC0 /* Icon.png */,
				91B9CCC71577D72500AAEDC0 /* Icon@2x.png */,
				9148ADE21577FD6B00985CA0 /* cropDot.png */,
				9148ADE31577FD6B00985CA0 /* cropDot@2x.png */,
				9148ADD51577DCC200985CA0 /* iconCamera.png */,
				9148ADD61577DCC200985CA0 /* iconCamera@2x.png */,
				9148ADE81578147300985CA0 /* iconCheck.png */,
				9148ADE91578147300985CA0 /* iconCheck@2x.png */,
				91AAE672158E584B00C609C4 /* iconStartOver.png */,
				91AAE673158E584B00C609C4 /* iconStartOver@2x.png */,
			);
			path = Images;
			sourceTree = "<group>";
		};
		91CAC83B157E66D4001B500F /* Other Classes */ = {
			isa = PBXGroup;
			children = (
				91CAC83D157E6704001B500F /* BLAppDelegate.h */,
				91CAC83E157E6704001B500F /* BLAppDelegate.m */,
			);
			name = "Other Classes";
			sourceTree = "<group>";
		};
/* End PBXGroup section */

/* Begin PBXNativeTarget section */
		91B9CC511576C3ED00AAEDC0 /* billy */ = {
			isa = PBXNativeTarget;
			buildConfigurationList = 91B9CC701576C3ED00AAEDC0 /* Build configuration list for PBXNativeTarget "billy" */;
			buildPhases = (
				91B9CC501576C3ED00AAEDC0 /* Resources */,
				91B9CC4E1576C3ED00AAEDC0 /* Sources */,
				91B9CC4F1576C3ED00AAEDC0 /* Frameworks */,
			);
			buildRules = (
			);
			dependencies = (
			);
			name = billy;
			productName = billy;
			productReference = 91B9CC521576C3ED00AAEDC0 /* billy.app */;
			productType = "com.apple.product-type.application";
		};
/* End PBXNativeTarget section */

/* Begin PBXProject section */
		91B9CC491576C3ED00AAEDC0 /* Project object */ = {
			isa = PBXProject;
			attributes = {
				CLASSPREFIX = BL;
				LastUpgradeCheck = 0430;
				ORGANIZATIONNAME = Eastmedia;
			};
			buildConfigurationList = 91B9CC4C1576C3ED00AAEDC0 /* Build configuration list for PBXProject "billy" */;
			compatibilityVersion = "Xcode 3.2";
			developmentRegion = English;
			hasScannedForEncodings = 0;
			knownRegions = (
				en,
			);
			mainGroup = 91B9CC471576C3ED00AAEDC0;
			productRefGroup = 91B9CC531576C3ED00AAEDC0 /* Products */;
			projectDirPath = "";
			projectRoot = "";
			targets = (
				91B9CC511576C3ED00AAEDC0 /* billy */,
			);
		};
/* End PBXProject section */

/* Begin PBXResourcesBuildPhase section */
		91B9CC501576C3ED00AAEDC0 /* Resources */ = {
			isa = PBXResourcesBuildPhase;
			buildActionMask = 2147483647;
			files = (
				91B9CC891576C62900AAEDC0 /* InfoPlist.strings in Resources */,
				91B9CC951576D22100AAEDC0 /* BLSplitCountViewController.xib in Resources */,
				91EC8CD3157722B0000E7DE8 /* BLNamesViewController.xib in Resources */,
				91B9CCB21577D10B00AAEDC0 /* BLCameraViewController.xib in Resources */,
				91B9CCCA1577D72500AAEDC0 /* Icon-72.png in Resources */,
				91B9CCCB1577D72500AAEDC0 /* Icon-72@2x.png in Resources */,
				91B9CCCC1577D72500AAEDC0 /* Icon.png in Resources */,
				91B9CCCD1577D72500AAEDC0 /* Icon@2x.png in Resources */,
				91B9CCD21577DA4100AAEDC0 /* iTunesArtwork in Resources */,
				91B9CCD31577DA4100AAEDC0 /* iTunesArtwork@2x in Resources */,
				9148ADD71577DCC200985CA0 /* iconCamera.png in Resources */,
				9148ADD81577DCC200985CA0 /* iconCamera@2x.png in Resources */,
				9148ADE11577E6F600985CA0 /* BLCropViewController.xib in Resources */,
				9148ADE41577FD6B00985CA0 /* cropDot.png in Resources */,
				9148ADE51577FD6B00985CA0 /* cropDot@2x.png in Resources */,
				9148ADEA1578147300985CA0 /* iconCheck.png in Resources */,
				9148ADEB1578147300985CA0 /* iconCheck@2x.png in Resources */,
				9148ADF1157913FA00985CA0 /* tessdata in Resources */,
				9148AE0615792E9700985CA0 /* BLFixItemsViewController.xib in Resources */,
				9198BF1A157AEB34001B74A9 /* BLSplitBillViewController.xib in Resources */,
				91EB2BC01586E56F007FD18B /* BLTaxViewController.xib in Resources */,
				91AAE666158D3A6C00C609C4 /* BLTipViewController.xib in Resources */,
				91AAE671158E551F00C609C4 /* BLSummaryViewController.xib in Resources */,
				91AAE674158E584B00C609C4 /* iconStartOver.png in Resources */,
				91AAE675158E584B00C609C4 /* iconStartOver@2x.png in Resources */,
				91D0953C1595310C00E22EEC /* Default.png in Resources */,
				91D0953D1595310C00E22EEC /* Default@2x.png in Resources */,
				91D09544159531BB00E22EEC /* BLStartViewController.xib in Resources */,
			);
			runOnlyForDeploymentPostprocessing = 0;
		};
/* End PBXResourcesBuildPhase section */

/* Begin PBXSourcesBuildPhase section */
		91B9CC4E1576C3ED00AAEDC0 /* Sources */ = {
			isa = PBXSourcesBuildPhase;
			buildActionMask = 2147483647;
			files = (
				91B9CC811576C5D200AAEDC0 /* main.m in Sources */,
				9148AE0A1579473700985CA0 /* BLTextField.m in Sources */,
				9198BF13157AEB25001B74A9 /* BLCameraViewController.m in Sources */,
				9198BF14157AEB25001B74A9 /* BLCropViewController.m in Sources */,
				9198BF15157AEB25001B74A9 /* BLFixItemsViewController.m in Sources */,
				9198BF16157AEB25001B74A9 /* BLNamesViewController.m in Sources */,
				9198BF17157AEB25001B74A9 /* BLSplitBillViewController.m in Sources */,
				9198BF18157AEB25001B74A9 /* BLSplitCountViewController.m in Sources */,
				91CAC83F157E6704001B500F /* BLAppDelegate.m in Sources */,
				91EB2BBC1586E4B9007FD18B /* BLTaxViewController.m in Sources */,
				91AAE66A158D3A8400C609C4 /* BLTipViewController.m in Sources */,
				91AAE66E158E54BF00C609C4 /* BLSummaryViewController.m in Sources */,
				91D095411595318600E22EEC /* BLStartViewController.m in Sources */,
				9155238115B07A8C00F2F539 /* billy.xcdatamodeld in Sources */,
				9155239415B0949500F2F539 /* LineItem.m in Sources */,
				9155239715B0949500F2F539 /* Bill.m in Sources */,
				9155239A15B0949500F2F539 /* Person.m in Sources */,
				9155239D15B0949500F2F539 /* Assignment.m in Sources */,
			);
			runOnlyForDeploymentPostprocessing = 0;
		};
/* End PBXSourcesBuildPhase section */

/* Begin XCBuildConfiguration section */
		91B9CC6E1576C3ED00AAEDC0 /* Debug */ = {
			isa = XCBuildConfiguration;
			buildSettings = {
				ALWAYS_SEARCH_USER_PATHS = NO;
				ARCHS = "$(ARCHS_STANDARD_32_BIT)";
				CLANG_ENABLE_OBJC_ARC = YES;
				"CODE_SIGN_IDENTITY[sdk=iphoneos*]" = "iPhone Developer";
				COPY_PHASE_STRIP = NO;
				GCC_C_LANGUAGE_STANDARD = gnu99;
				GCC_DYNAMIC_NO_PIC = NO;
				GCC_OPTIMIZATION_LEVEL = 0;
				GCC_PREPROCESSOR_DEFINITIONS = (
					"DEBUG=1",
					"$(inherited)",
				);
				GCC_SYMBOLS_PRIVATE_EXTERN = NO;
				GCC_VERSION = com.apple.compilers.llvm.clang.1_0;
				GCC_WARN_ABOUT_RETURN_TYPE = YES;
				GCC_WARN_UNINITIALIZED_AUTOS = YES;
				GCC_WARN_UNUSED_VARIABLE = YES;
				IPHONEOS_DEPLOYMENT_TARGET = 5.1;
				SDKROOT = iphoneos;
			};
			name = Debug;
		};
		91B9CC6F1576C3ED00AAEDC0 /* Release */ = {
			isa = XCBuildConfiguration;
			buildSettings = {
				ALWAYS_SEARCH_USER_PATHS = NO;
				ARCHS = "$(ARCHS_STANDARD_32_BIT)";
				CLANG_ENABLE_OBJC_ARC = YES;
				"CODE_SIGN_IDENTITY[sdk=iphoneos*]" = "iPhone Developer";
				COPY_PHASE_STRIP = YES;
				GCC_C_LANGUAGE_STANDARD = gnu99;
				GCC_VERSION = com.apple.compilers.llvm.clang.1_0;
				GCC_WARN_ABOUT_RETURN_TYPE = YES;
				GCC_WARN_UNINITIALIZED_AUTOS = YES;
				GCC_WARN_UNUSED_VARIABLE = YES;
				IPHONEOS_DEPLOYMENT_TARGET = 5.1;
				OTHER_CFLAGS = "-DNS_BLOCK_ASSERTIONS=1";
				SDKROOT = iphoneos;
				VALIDATE_PRODUCT = YES;
			};
			name = Release;
		};
		91B9CC711576C3ED00AAEDC0 /* Debug */ = {
			isa = XCBuildConfiguration;
			buildSettings = {
				BUNDLE_DISPLAY_NAME = "Billy ∂";
				BUNDLE_IDENTIFIER = com.eastmedia.billy.debug;
				GCC_PRECOMPILE_PREFIX_HEADER = YES;
				GCC_PREFIX_HEADER = "Support/billy-Prefix.pch";
				GCC_VERSION = com.apple.compilers.llvm.clang.1_0;
				GCC_WARN_ABOUT_DEPRECATED_FUNCTIONS = YES;
				INFOPLIST_FILE = "Support/billy-Info.plist";
				LIBRARY_SEARCH_PATHS = (
					"$(inherited)",
					"\"$(SRCROOT)/Frameworks/TestFlight\"",
					"\"$(SRCROOT)/Frameworks/Tesseract\"",
				);
				PRODUCT_NAME = "$(TARGET_NAME)";
				WRAPPER_EXTENSION = app;
			};
			name = Debug;
		};
		91B9CC721576C3ED00AAEDC0 /* Release */ = {
			isa = XCBuildConfiguration;
			buildSettings = {
				BUNDLE_DISPLAY_NAME = Billy;
				BUNDLE_IDENTIFIER = com.eastmedia.billy;
				"CODE_SIGN_IDENTITY[sdk=iphoneos*]" = "iPhone Distribution";
				GCC_PRECOMPILE_PREFIX_HEADER = YES;
				GCC_PREFIX_HEADER = "Support/billy-Prefix.pch";
				GCC_VERSION = com.apple.compilers.llvm.clang.1_0;
				GCC_WARN_ABOUT_DEPRECATED_FUNCTIONS = YES;
				INFOPLIST_FILE = "Support/billy-Info.plist";
				LIBRARY_SEARCH_PATHS = (
					"$(inherited)",
					"\"$(SRCROOT)/Frameworks/TestFlight\"",
					"\"$(SRCROOT)/Frameworks/Tesseract\"",
				);
				PRODUCT_NAME = "$(TARGET_NAME)";
				"PROVISIONING_PROFILE[sdk=iphoneos*]" = "";
				WRAPPER_EXTENSION = app;
			};
			name = Release;
		};
		91B9CC9A1576DFD500AAEDC0 /* AdHoc */ = {
			isa = XCBuildConfiguration;
			buildSettings = {
				ALWAYS_SEARCH_USER_PATHS = NO;
				ARCHS = "$(ARCHS_STANDARD_32_BIT)";
				CLANG_ENABLE_OBJC_ARC = YES;
				"CODE_SIGN_IDENTITY[sdk=iphoneos*]" = "iPhone Developer";
				COPY_PHASE_STRIP = YES;
				GCC_C_LANGUAGE_STANDARD = gnu99;
				GCC_VERSION = com.apple.compilers.llvm.clang.1_0;
				GCC_WARN_ABOUT_RETURN_TYPE = YES;
				GCC_WARN_UNINITIALIZED_AUTOS = YES;
				GCC_WARN_UNUSED_VARIABLE = YES;
				IPHONEOS_DEPLOYMENT_TARGET = 5.1;
				OTHER_CFLAGS = "-DNS_BLOCK_ASSERTIONS=1";
				SDKROOT = iphoneos;
				VALIDATE_PRODUCT = YES;
			};
			name = AdHoc;
		};
		91B9CC9B1576DFD500AAEDC0 /* AdHoc */ = {
			isa = XCBuildConfiguration;
			buildSettings = {
				BUNDLE_DISPLAY_NAME = "Billy β";
				BUNDLE_IDENTIFIER = com.eastmedia.billy.beta;
				"CODE_SIGN_IDENTITY[sdk=iphoneos*]" = "iPhone Distribution";
				GCC_PRECOMPILE_PREFIX_HEADER = YES;
				GCC_PREFIX_HEADER = "Support/billy-Prefix.pch";
				GCC_VERSION = com.apple.compilers.llvm.clang.1_0;
				GCC_WARN_ABOUT_DEPRECATED_FUNCTIONS = YES;
				INFOPLIST_FILE = "Support/billy-Info.plist";
				LIBRARY_SEARCH_PATHS = (
					"$(inherited)",
					"\"$(SRCROOT)/Frameworks/TestFlight\"",
					"\"$(SRCROOT)/Frameworks/Tesseract\"",
				);
				PRODUCT_NAME = "$(TARGET_NAME)";
				"PROVISIONING_PROFILE[sdk=iphoneos*]" = "";
				WRAPPER_EXTENSION = app;
			};
			name = AdHoc;
		};
/* End XCBuildConfiguration section */

/* Begin XCConfigurationList section */
		91B9CC4C1576C3ED00AAEDC0 /* Build configuration list for PBXProject "billy" */ = {
			isa = XCConfigurationList;
			buildConfigurations = (
				91B9CC6E1576C3ED00AAEDC0 /* Debug */,
				91B9CC6F1576C3ED00AAEDC0 /* Release */,
				91B9CC9A1576DFD500AAEDC0 /* AdHoc */,
			);
			defaultConfigurationIsVisible = 0;
			defaultConfigurationName = Release;
		};
		91B9CC701576C3ED00AAEDC0 /* Build configuration list for PBXNativeTarget "billy" */ = {
			isa = XCConfigurationList;
			buildConfigurations = (
				91B9CC711576C3ED00AAEDC0 /* Debug */,
				91B9CC721576C3ED00AAEDC0 /* Release */,
				91B9CC9B1576DFD500AAEDC0 /* AdHoc */,
			);
			defaultConfigurationIsVisible = 0;
			defaultConfigurationName = Release;
		};
/* End XCConfigurationList section */

/* Begin XCVersionGroup section */
		9155237F15B07A8C00F2F539 /* billy.xcdatamodeld */ = {
			isa = XCVersionGroup;
			children = (
				9155238015B07A8C00F2F539 /* billy.xcdatamodel */,
			);
			currentVersion = 9155238015B07A8C00F2F539 /* billy.xcdatamodel */;
			path = billy.xcdatamodeld;
			sourceTree = SOURCE_ROOT;
			versionGroupType = wrapper.xcdatamodel;
		};
/* End XCVersionGroup section */
	};
	rootObject = 91B9CC491576C3ED00AAEDC0 /* Project object */;
}
